{
  "version": 4,
  "terraform_version": "1.0.2",
  "serial": 800,
  "lineage": "e99f4b0e-e745-e6e2-b23c-138b3617e968",
  "outputs": {
    "autonomous_data_warehouse_admin_password": {
      "value": "3f\u0026N4VbY\u003esoB53=X",
      "type": "string"
    },
    "autonomous_data_warehouse_high_connection_string": {
      "value": "unavailable",
      "type": "string"
    },
    "autonomous_data_warehouses": {
      "value": [
        {
          "admin_password": "",
          "apex_details": [
            {
              "apex_version": "20.2.0.00.20",
              "ords_version": "21.2.1.181.0913"
            }
          ],
          "are_primary_whitelisted_ips_used": false,
          "autonomous_container_database_id": "",
          "autonomous_database_backup_id": "",
          "autonomous_database_id": "",
          "available_upgrade_versions": [],
          "backup_config": [
            {
              "manual_backup_bucket_name": "",
              "manual_backup_type": "NONE"
            }
          ],
          "clone_type": "",
          "compartment_id": "ocid1.compartment.oc1..aaaaaaaaxbfvndp2kg4zq64k4di7iyhstb2hg7yiwjrksexljoz4p5pti7sq",
          "connection_strings": [
            {
              "all_connection_strings": {
                "HIGH": "adb.us-ashburn-1.oraclecloud.com:1522/eosql5wqpgxexni_adbdw1f_high.adb.oraclecloud.com",
                "LOW": "adb.us-ashburn-1.oraclecloud.com:1522/eosql5wqpgxexni_adbdw1f_low.adb.oraclecloud.com",
                "MEDIUM": "adb.us-ashburn-1.oraclecloud.com:1522/eosql5wqpgxexni_adbdw1f_medium.adb.oraclecloud.com"
              },
              "dedicated": "",
              "high": "adb.us-ashburn-1.oraclecloud.com:1522/eosql5wqpgxexni_adbdw1f_high.adb.oraclecloud.com",
              "low": "adb.us-ashburn-1.oraclecloud.com:1522/eosql5wqpgxexni_adbdw1f_low.adb.oraclecloud.com",
              "medium": "adb.us-ashburn-1.oraclecloud.com:1522/eosql5wqpgxexni_adbdw1f_medium.adb.oraclecloud.com"
            }
          ],
          "connection_urls": [
            {
              "apex_url": "https://EOSQL5WQPGXEXNI-ADBDW1F.adb.us-ashburn-1.oraclecloudapps.com/ords/apex",
              "graph_studio_url": "https://EOSQL5WQPGXEXNI-ADBDW1F.adb.us-ashburn-1.oraclecloudapps.com/graphstudio/",
              "machine_learning_user_management_url": "https://adb.us-ashburn-1.oraclecloud.com/omlusers/tenants/OCID1.TENANCY.OC1..AAAAAAAAWDOUBEEUDTHB3DEDFKMXW5ONG4NQ66KYORYCB6LRA7W2BQQ2TXFA/databases/ADBDW1F/index.html",
              "sql_dev_web_url": "https://EOSQL5WQPGXEXNI-ADBDW1F.adb.us-ashburn-1.oraclecloudapps.com/ords/sql-developer"
            }
          ],
          "cpu_core_count": 1,
          "customer_contacts": [],
          "data_safe_status": "NOT_REGISTERED",
          "data_storage_size_in_gb": 1024,
          "data_storage_size_in_tbs": 1,
          "db_name": "adbdw1f",
          "db_version": "19c",
          "db_workload": "DW",
          "defined_tags": {
            "Oracle-Tags.CreatedBy": "oracleidentitycloudservice/shadab.mohammad@oracle.com",
            "Oracle-Tags.CreatedOn": "2021-07-21T09:06:32.029Z"
          },
          "display_name": "datalake_autonomous_dwh",
          "failed_data_recovery_in_seconds": 0,
          "freeform_tags": {
            "Department": "Finance"
          },
          "id": "ocid1.autonomousdatabase.oc1.iad.abuwcljspaeucvx3uuoqtzfppf4gnmleamhoiwmzwyhx5irbzpu2uti44mca",
          "infrastructure_type": "",
          "is_access_control_enabled": false,
          "is_auto_scaling_enabled": false,
          "is_data_guard_enabled": false,
          "is_dedicated": false,
          "is_free_tier": false,
          "is_preview": false,
          "is_preview_version_with_service_terms_accepted": false,
          "is_refreshable_clone": false,
          "key_history_entry": [
            {
              "id": "ORACLE_MANAGED_KEY",
              "time_activated": "2021-07-21 09:07:49.893 +0000 UTC",
              "vault_id": ""
            }
          ],
          "key_store_id": "",
          "key_store_wallet_name": "",
          "kms_key_id": "ORACLE_MANAGED_KEY",
          "kms_key_lifecycle_details": "",
          "license_model": "LICENSE_INCLUDED",
          "lifecycle_details": "The Autonomous Database operation failed due to an unknown error. Refer to JobId (no job yet) and WorkRequestId 48cc831d-dc43-4958-bdbd-8ec47fe482ce when opening a Service Request at My Oracle Support.",
          "nsg_ids": [],
          "ocpu_count": 0,
          "open_mode": "READ_WRITE",
          "operations_insights_status": "NOT_ENABLED",
          "permission_level": "UNRESTRICTED",
          "private_endpoint": "",
          "private_endpoint_ip": "",
          "private_endpoint_label": "",
          "refreshable_mode": "",
          "refreshable_status": "",
          "role": "",
          "rotate_key_trigger": false,
          "service_console_url": "https://adb.us-ashburn-1.oraclecloud.com/console/index.html?tenant_name=OCID1.TENANCY.OC1..AAAAAAAAWDOUBEEUDTHB3DEDFKMXW5ONG4NQ66KYORYCB6LRA7W2BQQ2TXFA\u0026database_name=ADBDW1F\u0026service_type=ADW",
          "source": "",
          "source_id": "",
          "standby_db": [],
          "standby_whitelisted_ips": [],
          "state": "TERMINATING",
          "subnet_id": "",
          "switchover_to": "",
          "system_tags": {},
          "time_created": "2021-07-21 09:06:32.033 +0000 UTC",
          "time_deletion_of_free_autonomous_database": "",
          "time_maintenance_begin": "2021-07-25 06:00:00 +0000 UTC",
          "time_maintenance_end": "2021-07-25 22:00:00 +0000 UTC",
          "time_of_last_failover": "",
          "time_of_last_refresh": "",
          "time_of_last_refresh_point": "",
          "time_of_last_switchover": "",
          "time_of_next_refresh": "",
          "time_reclamation_of_free_autonomous_database": "",
          "timestamp": "",
          "used_data_storage_size_in_tbs": 1,
          "vault_id": "",
          "whitelisted_ips": [
            "10.10.0.0/16"
          ]
        }
      ],
      "type": [
        "list",
        [
          "object",
          {
            "admin_password": "string",
            "apex_details": [
              "list",
              [
                "object",
                {
                  "apex_version": "string",
                  "ords_version": "string"
                }
              ]
            ],
            "are_primary_whitelisted_ips_used": "bool",
            "autonomous_container_database_id": "string",
            "autonomous_database_backup_id": "string",
            "autonomous_database_id": "string",
            "available_upgrade_versions": [
              "list",
              "string"
            ],
            "backup_config": [
              "list",
              [
                "object",
                {
                  "manual_backup_bucket_name": "string",
                  "manual_backup_type": "string"
                }
              ]
            ],
            "clone_type": "string",
            "compartment_id": "string",
            "connection_strings": [
              "list",
              [
                "object",
                {
                  "all_connection_strings": [
                    "map",
                    "string"
                  ],
                  "dedicated": "string",
                  "high": "string",
                  "low": "string",
                  "medium": "string"
                }
              ]
            ],
            "connection_urls": [
              "list",
              [
                "object",
                {
                  "apex_url": "string",
                  "graph_studio_url": "string",
                  "machine_learning_user_management_url": "string",
                  "sql_dev_web_url": "string"
                }
              ]
            ],
            "cpu_core_count": "number",
            "customer_contacts": [
              "list",
              [
                "object",
                {
                  "email": "string"
                }
              ]
            ],
            "data_safe_status": "string",
            "data_storage_size_in_gb": "number",
            "data_storage_size_in_tbs": "number",
            "db_name": "string",
            "db_version": "string",
            "db_workload": "string",
            "defined_tags": [
              "map",
              "string"
            ],
            "display_name": "string",
            "failed_data_recovery_in_seconds": "number",
            "freeform_tags": [
              "map",
              "string"
            ],
            "id": "string",
            "infrastructure_type": "string",
            "is_access_control_enabled": "bool",
            "is_auto_scaling_enabled": "bool",
            "is_data_guard_enabled": "bool",
            "is_dedicated": "bool",
            "is_free_tier": "bool",
            "is_preview": "bool",
            "is_preview_version_with_service_terms_accepted": "bool",
            "is_refreshable_clone": "bool",
            "key_history_entry": [
              "list",
              [
                "object",
                {
                  "id": "string",
                  "time_activated": "string",
                  "vault_id": "string"
                }
              ]
            ],
            "key_store_id": "string",
            "key_store_wallet_name": "string",
            "kms_key_id": "string",
            "kms_key_lifecycle_details": "string",
            "license_model": "string",
            "lifecycle_details": "string",
            "nsg_ids": [
              "list",
              "string"
            ],
            "ocpu_count": "number",
            "open_mode": "string",
            "operations_insights_status": "string",
            "permission_level": "string",
            "private_endpoint": "string",
            "private_endpoint_ip": "string",
            "private_endpoint_label": "string",
            "refreshable_mode": "string",
            "refreshable_status": "string",
            "role": "string",
            "rotate_key_trigger": "bool",
            "service_console_url": "string",
            "source": "string",
            "source_id": "string",
            "standby_db": [
              "list",
              [
                "object",
                {
                  "lag_time_in_seconds": "number",
                  "lifecycle_details": "string",
                  "state": "string"
                }
              ]
            ],
            "standby_whitelisted_ips": [
              "list",
              "string"
            ],
            "state": "string",
            "subnet_id": "string",
            "switchover_to": "string",
            "system_tags": [
              "map",
              "string"
            ],
            "time_created": "string",
            "time_deletion_of_free_autonomous_database": "string",
            "time_maintenance_begin": "string",
            "time_maintenance_end": "string",
            "time_of_last_failover": "string",
            "time_of_last_refresh": "string",
            "time_of_last_refresh_point": "string",
            "time_of_last_switchover": "string",
            "time_of_next_refresh": "string",
            "time_reclamation_of_free_autonomous_database": "string",
            "timestamp": "string",
            "used_data_storage_size_in_tbs": "number",
            "vault_id": "string",
            "whitelisted_ips": [
              "list",
              "string"
            ]
          }
        ]
      ]
    }
  },
  "resources": [
    {
      "mode": "data",
      "type": "oci_bastion_bastions",
      "name": "APP_datalake_bastion",
      "provider": "provider[\"registry.terraform.io/hashicorp/oci\"]",
      "instances": [
        {
          "schema_version": 0,
          "attributes": {
            "bastion_id": "ocid1.bastion.oc1.iad.amaaaaaaqcins5yaxck6qn7urgarepiuz2x52dlcbob2fuzcgp34n33dtyzq",
            "bastion_lifecycle_state": "ACTIVE",
            "bastions": [
              {
                "bastion_type": "STANDARD",
                "client_cidr_block_allow_list": [],
                "compartment_id": "ocid1.compartment.oc1..aaaaaaaaxbfvndp2kg4zq64k4di7iyhstb2hg7yiwjrksexljoz4p5pti7sq",
                "defined_tags": {
                  "Oracle-Tags.CreatedBy": "oracleidentitycloudservice/shadab.mohammad@oracle.com",
                  "Oracle-Tags.CreatedOn": "2021-07-23T04:19:02.854Z"
                },
                "freeform_tags": {},
                "id": "ocid1.bastion.oc1.iad.amaaaaaaqcins5yaxck6qn7urgarepiuz2x52dlcbob2fuzcgp34n33dtyzq",
                "lifecycle_details": "",
                "max_session_ttl_in_seconds": 0,
                "max_sessions_allowed": 0,
                "name": "DataLakeBastionAPP",
                "phone_book_entry": "",
                "private_endpoint_ip_address": "",
                "state": "ACTIVE",
                "static_jump_host_ip_addresses": [],
                "system_tags": {},
                "target_subnet_id": "ocid1.subnet.oc1.iad.aaaaaaaatesvhh6it5usj5io3d7cgpc2cpz66oexntd6led5cqg7h56e3wca",
                "target_vcn_id": "ocid1.vcn.oc1.iad.amaaaaaaqcins5ya7tjoxv2ngdtzcgejfbnhj4cxmguyvlby6w3eyrx7cuba",
                "time_created": "2021-07-23 04:19:10.359 +0000 UTC",
                "time_updated": "2021-07-23 04:19:43.024 +0000 UTC"
              }
            ],
            "compartment_id": "ocid1.compartment.oc1..aaaaaaaaxbfvndp2kg4zq64k4di7iyhstb2hg7yiwjrksexljoz4p5pti7sq",
            "filter": null,
            "id": "BastionBastionsDataSource-2412030669",
            "name": "DataLakeBastionAPP"
          },
          "sensitive_attributes": []
        }
      ]
    },
    {
      "mode": "data",
      "type": "oci_bastion_bastions",
      "name": "DB_datalake_bastion",
      "provider": "provider[\"registry.terraform.io/hashicorp/oci\"]",
      "instances": [
        {
          "schema_version": 0,
          "attributes": {
            "bastion_id": "ocid1.bastion.oc1.iad.amaaaaaaqcins5yam7sspbl6xkbsffjobmhe6sq5c7nf74xawlew5bywcyqa",
            "bastion_lifecycle_state": "ACTIVE",
            "bastions": [
              {
                "bastion_type": "STANDARD",
                "client_cidr_block_allow_list": [],
                "compartment_id": "ocid1.compartment.oc1..aaaaaaaaxbfvndp2kg4zq64k4di7iyhstb2hg7yiwjrksexljoz4p5pti7sq",
                "defined_tags": {
                  "Oracle-Tags.CreatedBy": "oracleidentitycloudservice/shadab.mohammad@oracle.com",
                  "Oracle-Tags.CreatedOn": "2021-07-23T04:19:01.646Z"
                },
                "freeform_tags": {},
                "id": "ocid1.bastion.oc1.iad.amaaaaaaqcins5yam7sspbl6xkbsffjobmhe6sq5c7nf74xawlew5bywcyqa",
                "lifecycle_details": "",
                "max_session_ttl_in_seconds": 0,
                "max_sessions_allowed": 0,
                "name": "DataLakeBastionDB",
                "phone_book_entry": "",
                "private_endpoint_ip_address": "",
                "state": "ACTIVE",
                "static_jump_host_ip_addresses": [],
                "system_tags": {},
                "target_subnet_id": "ocid1.subnet.oc1.iad.aaaaaaaahgtsdmwnuqfb2iszmpk4tsl6bog3pwm3al6tfn4i23miendgic6a",
                "target_vcn_id": "ocid1.vcn.oc1.iad.amaaaaaaqcins5ya7tjoxv2ngdtzcgejfbnhj4cxmguyvlby6w3eyrx7cuba",
                "time_created": "2021-07-23 04:19:04.586 +0000 UTC",
                "time_updated": "2021-07-23 04:19:49.32 +0000 UTC"
              }
            ],
            "compartment_id": "ocid1.compartment.oc1..aaaaaaaaxbfvndp2kg4zq64k4di7iyhstb2hg7yiwjrksexljoz4p5pti7sq",
            "filter": null,
            "id": "BastionBastionsDataSource-2984846282",
            "name": "DataLakeBastionDB"
          },
          "sensitive_attributes": []
        }
      ]
    },
    {
      "mode": "data",
      "type": "oci_bds_bds_instance",
      "name": "datalake_bds_instance",
      "provider": "provider[\"registry.terraform.io/hashicorp/oci\"]",
      "instances": [
        {
          "schema_version": 0,
          "attributes": {
            "bds_instance_id": "ocid1.bigdataservice.oc1.iad.amaaaaaapvq3y5aabket23eyxpkg7l54sf3cgmebpjysiqocmbt2tlf2chgq",
            "cloud_sql_details": [
              {
                "block_volume_size_in_gbs": "1000",
                "ip_address": "10.10.2.132",
                "is_kerberos_mapped_to_database_users": false,
                "kerberos_details": [],
                "shape": "VM.Standard2.4"
              }
            ],
            "cluster_admin_password": null,
            "cluster_details": [
              {
                "ambari_url": "https://10.10.2.159:7183",
                "bd_cell_version": "12.2.1.1.0_LINUX.X64_210701-1",
                "bda_version": "1.0.0",
                "bdm_version": "1.0.0",
                "bds_version": "3.0.2",
                "big_data_manager_url": "",
                "cloudera_manager_url": "",
                "csql_cell_version": "4.1",
                "db_version": "19",
                "hue_server_url": "http://10.10.2.159:8888",
                "os_version": "7.9",
                "time_created": "2021-07-23 06:42:29.49 +0000 UTC",
                "time_refreshed": "2021-07-23 07:45:08.105 +0000 UTC"
              }
            ],
            "cluster_public_key": null,
            "cluster_version": "ODH1",
            "compartment_id": "ocid1.compartment.oc1..aaaaaaaaxbfvndp2kg4zq64k4di7iyhstb2hg7yiwjrksexljoz4p5pti7sq",
            "created_by": "oracleidentitycloudservice/shadab.mohammad@oracle.com",
            "defined_tags": {
              "Oracle-Tags.CreatedBy": "oracleidentitycloudservice/shadab.mohammad@oracle.com",
              "Oracle-Tags.CreatedOn": "2021-07-23T05:57:41.752Z"
            },
            "display_name": "displayName2",
            "freeform_tags": {
              "bar-key": "value"
            },
            "id": "ocid1.bigdataservice.oc1.iad.amaaaaaapvq3y5aabket23eyxpkg7l54sf3cgmebpjysiqocmbt2tlf2chgq",
            "is_cloud_sql_configured": true,
            "is_high_availability": false,
            "is_secure": false,
            "master_node": [
              {
                "block_volume_size_in_gbs": "150",
                "number_of_nodes": 1,
                "shape": "VM.Standard2.4",
                "subnet_id": "ocid1.subnet.oc1.iad.aaaaaaaahgtsdmwnuqfb2iszmpk4tsl6bog3pwm3al6tfn4i23miendgic6a"
              }
            ],
            "network_config": [
              {
                "cidr_block": "192.168.0.0/16",
                "is_nat_gateway_required": false
              }
            ],
            "nodes": [
              {
                "attached_block_volumes": [
                  {
                    "volume_attachment_id": "ocid1.volumeattachment.oc1.iad.anuwcljrjtu3p6ycgfimrnofknvh4dbsxddo2ndzd4fn67fffccciyq3ciha",
                    "volume_size_in_gbs": "150"
                  }
                ],
                "availability_domain": "jLHX:US-ASHBURN-AD-1",
                "display_name": "displaymn0",
                "fault_domain": "FAULT-DOMAIN-3",
                "hostname": "displaymn0.devdbpvtsubnet.datalake.oraclevcn.com",
                "image_id": "ocid1.image.oc1.iad.aaaaaaaakfpgx26y5gltxhz4fkrv57bhvsvz7uq4ikqka6u5burooqtoryxq",
                "instance_id": "ocid1.instance.oc1.iad.anuwcljrjtu3p6ycrolhdzn6pr4tbzmuiy53f7vdhkrfrgder3nktkagjy4a",
                "ip_address": "10.10.2.57",
                "node_type": "MASTER",
                "shape": "VM.Standard2.4",
                "ssh_fingerprint": "",
                "state": "ACTIVE",
                "subnet_id": "ocid1.subnet.oc1.iad.aaaaaaaahgtsdmwnuqfb2iszmpk4tsl6bog3pwm3al6tfn4i23miendgic6a",
                "time_created": "2021-07-23 05:57:41.818 +0000 UTC"
              },
              {
                "attached_block_volumes": [
                  {
                    "volume_attachment_id": "",
                    "volume_size_in_gbs": "1000"
                  }
                ],
                "availability_domain": "jLHX:US-ASHBURN-AD-1",
                "display_name": "displayqs0",
                "fault_domain": "FAULT-DOMAIN-3",
                "hostname": "displayqs0.devdbpvtsubnet.datalake.oraclevcn.com",
                "image_id": "ocid1.image.oc1.iad.aaaaaaaaywnk7q57ltazse2tl27ssnbg5q7xx5dnskk7f2xrzb5zkf52uhfa",
                "instance_id": "ocid1.instance.oc1.iad.anuwcljrjtu3p6yc2ny7y7ii5lehxebykexmyp7bldwk7wqv2xjr6cfzfuka",
                "ip_address": "10.10.2.132",
                "node_type": "CLOUD_SQL",
                "shape": "VM.Standard2.4",
                "ssh_fingerprint": "",
                "state": "ACTIVE",
                "subnet_id": "ocid1.subnet.oc1.iad.aaaaaaaahgtsdmwnuqfb2iszmpk4tsl6bog3pwm3al6tfn4i23miendgic6a",
                "time_created": "2021-07-23 06:42:42.027 +0000 UTC"
              },
              {
                "attached_block_volumes": [
                  {
                    "volume_attachment_id": "ocid1.volumeattachment.oc1.iad.anuwcljrjtu3p6yc5zfe64iqnaa7la6336s3fhhht34q4p2uslwhswt3ijlq",
                    "volume_size_in_gbs": "150"
                  }
                ],
                "availability_domain": "jLHX:US-ASHBURN-AD-1",
                "display_name": "displaywn2",
                "fault_domain": "FAULT-DOMAIN-3",
                "hostname": "displaywn2.devdbpvtsubnet.datalake.oraclevcn.com",
                "image_id": "ocid1.image.oc1.iad.aaaaaaaakfpgx26y5gltxhz4fkrv57bhvsvz7uq4ikqka6u5burooqtoryxq",
                "instance_id": "ocid1.instance.oc1.iad.anuwcljrjtu3p6ycsd6msxlletcq764kknd4r2hugwhvmudobe4f4r3kp5hq",
                "ip_address": "10.10.2.190",
                "node_type": "WORKER",
                "shape": "VM.Standard2.1",
                "ssh_fingerprint": "",
                "state": "ACTIVE",
                "subnet_id": "ocid1.subnet.oc1.iad.aaaaaaaahgtsdmwnuqfb2iszmpk4tsl6bog3pwm3al6tfn4i23miendgic6a",
                "time_created": "2021-07-23 05:57:42.04 +0000 UTC"
              },
              {
                "attached_block_volumes": [
                  {
                    "volume_attachment_id": "ocid1.volumeattachment.oc1.iad.anuwcljsjtu3p6yckb2brexwfvqn6r4wdhc5tbutu52nrbi35bnjtdnqrxiq",
                    "volume_size_in_gbs": "150"
                  }
                ],
                "availability_domain": "jLHX:US-ASHBURN-AD-2",
                "display_name": "displaywn1",
                "fault_domain": "FAULT-DOMAIN-2",
                "hostname": "displaywn1.devdbpvtsubnet.datalake.oraclevcn.com",
                "image_id": "ocid1.image.oc1.iad.aaaaaaaakfpgx26y5gltxhz4fkrv57bhvsvz7uq4ikqka6u5burooqtoryxq",
                "instance_id": "ocid1.instance.oc1.iad.anuwcljsjtu3p6ycenfb6y72ib3iqumchikfiislvkd663jnuh5ybbadovfq",
                "ip_address": "10.10.2.204",
                "node_type": "WORKER",
                "shape": "VM.Standard2.1",
                "ssh_fingerprint": "",
                "state": "ACTIVE",
                "subnet_id": "ocid1.subnet.oc1.iad.aaaaaaaahgtsdmwnuqfb2iszmpk4tsl6bog3pwm3al6tfn4i23miendgic6a",
                "time_created": "2021-07-23 05:57:41.963 +0000 UTC"
              },
              {
                "attached_block_volumes": [
                  {
                    "volume_attachment_id": "ocid1.volumeattachment.oc1.iad.anuwcljtjtu3p6ycq3m6vnag2gmkt4hwz4pqkjbalac6axpgmwlwjcvkb2yq",
                    "volume_size_in_gbs": "150"
                  }
                ],
                "availability_domain": "jLHX:US-ASHBURN-AD-3",
                "display_name": "displaywn0",
                "fault_domain": "FAULT-DOMAIN-3",
                "hostname": "displaywn0.devdbpvtsubnet.datalake.oraclevcn.com",
                "image_id": "ocid1.image.oc1.iad.aaaaaaaakfpgx26y5gltxhz4fkrv57bhvsvz7uq4ikqka6u5burooqtoryxq",
                "instance_id": "ocid1.instance.oc1.iad.anuwcljtjtu3p6ycdgzsvhi5pxxwaareafft6jqyhmdmw7wq573mozfnrpsq",
                "ip_address": "10.10.2.166",
                "node_type": "WORKER",
                "shape": "VM.Standard2.1",
                "ssh_fingerprint": "",
                "state": "ACTIVE",
                "subnet_id": "ocid1.subnet.oc1.iad.aaaaaaaahgtsdmwnuqfb2iszmpk4tsl6bog3pwm3al6tfn4i23miendgic6a",
                "time_created": "2021-07-23 05:57:41.913 +0000 UTC"
              },
              {
                "attached_block_volumes": [
                  {
                    "volume_attachment_id": "ocid1.volumeattachment.oc1.iad.anuwcljrjtu3p6ycqy5iyzdwza7qmwtvcfatr3ryp7lwoldzbm3jomme35ja",
                    "volume_size_in_gbs": "150"
                  }
                ],
                "availability_domain": "jLHX:US-ASHBURN-AD-1",
                "display_name": "displayun0",
                "fault_domain": "FAULT-DOMAIN-3",
                "hostname": "displayun0.devdbpvtsubnet.datalake.oraclevcn.com",
                "image_id": "ocid1.image.oc1.iad.aaaaaaaakfpgx26y5gltxhz4fkrv57bhvsvz7uq4ikqka6u5burooqtoryxq",
                "instance_id": "ocid1.instance.oc1.iad.anuwcljrjtu3p6ycmsi65j3ldjnse5nxvwkrim7dt6qulbmp7j3ofhrf2obq",
                "ip_address": "10.10.2.159",
                "node_type": "UTILITY",
                "shape": "VM.Standard2.4",
                "ssh_fingerprint": "",
                "state": "ACTIVE",
                "subnet_id": "ocid1.subnet.oc1.iad.aaaaaaaahgtsdmwnuqfb2iszmpk4tsl6bog3pwm3al6tfn4i23miendgic6a",
                "time_created": "2021-07-23 05:57:41.861 +0000 UTC"
              }
            ],
            "number_of_nodes": 6,
            "state": "ACTIVE",
            "time_created": "2021-07-23 05:57:41.794 +0000 UTC",
            "time_updated": "2021-07-23 07:45:08.156 +0000 UTC",
            "util_node": [
              {
                "block_volume_size_in_gbs": "150",
                "number_of_nodes": 1,
                "shape": "VM.Standard2.4",
                "subnet_id": "ocid1.subnet.oc1.iad.aaaaaaaahgtsdmwnuqfb2iszmpk4tsl6bog3pwm3al6tfn4i23miendgic6a"
              }
            ],
            "worker_node": [
              {
                "block_volume_size_in_gbs": "150",
                "number_of_nodes": 3,
                "shape": "VM.Standard2.1",
                "subnet_id": "ocid1.subnet.oc1.iad.aaaaaaaahgtsdmwnuqfb2iszmpk4tsl6bog3pwm3al6tfn4i23miendgic6a"
              }
            ]
          },
          "sensitive_attributes": []
        }
      ]
    },
    {
      "mode": "data",
      "type": "oci_bds_bds_instances",
      "name": "datalake_bds_instances",
      "provider": "provider[\"registry.terraform.io/hashicorp/oci\"]",
      "instances": [
        {
          "schema_version": 0,
          "attributes": {
            "bds_instances": [
              {
                "cloud_sql_details": [],
                "cluster_admin_password": "",
                "cluster_details": [],
                "cluster_public_key": "",
                "cluster_version": "ODH1",
                "compartment_id": "ocid1.compartment.oc1..aaaaaaaaxbfvndp2kg4zq64k4di7iyhstb2hg7yiwjrksexljoz4p5pti7sq",
                "created_by": "",
                "defined_tags": {
                  "Oracle-Tags.CreatedBy": "oracleidentitycloudservice/shadab.mohammad@oracle.com",
                  "Oracle-Tags.CreatedOn": "2021-07-23T05:57:41.752Z"
                },
                "display_name": "displayName2",
                "freeform_tags": {
                  "bar-key": "value"
                },
                "id": "ocid1.bigdataservice.oc1.iad.amaaaaaapvq3y5aabket23eyxpkg7l54sf3cgmebpjysiqocmbt2tlf2chgq",
                "is_cloud_sql_configured": true,
                "is_high_availability": false,
                "is_secure": false,
                "master_node": [],
                "network_config": [],
                "nodes": [],
                "number_of_nodes": 6,
                "state": "ACTIVE",
                "time_created": "2021-07-23 05:57:41.794 +0000 UTC",
                "time_updated": "",
                "util_node": [],
                "worker_node": []
              }
            ],
            "compartment_id": "ocid1.compartment.oc1..aaaaaaaaxbfvndp2kg4zq64k4di7iyhstb2hg7yiwjrksexljoz4p5pti7sq",
            "display_name": "displayName2",
            "filter": null,
            "id": "BdsBdsInstancesDataSource-1546456539",
            "state": "ACTIVE"
          },
          "sensitive_attributes": []
        }
      ]
    },
    {
      "mode": "data",
      "type": "oci_core_services",
      "name": "APP_datalake_bastion_services",
      "provider": "provider[\"registry.terraform.io/hashicorp/oci\"]",
      "instances": [
        {
          "schema_version": 0,
          "attributes": {
            "filter": null,
            "id": "CoreServicesDataSource-0",
            "services": [
              {
                "cidr_block": "oci-iad-objectstorage",
                "description": "OCI IAD Object Storage",
                "id": "ocid1.service.oc1.iad.aaaaaaaa74z6sqsezqf6znyomdp5jkvfwb4j2ol33abgosvnhxcqphyl3eaq",
                "name": "OCI IAD Object Storage"
              },
              {
                "cidr_block": "all-iad-services-in-oracle-services-network",
                "description": "All IAD Services In Oracle Services Network",
                "id": "ocid1.service.oc1.iad.aaaaaaaam4zfmy2rjue6fmglumm3czgisxzrnvrwqeodtztg7hwa272mlfna",
                "name": "All IAD Services In Oracle Services Network"
              }
            ]
          },
          "sensitive_attributes": []
        }
      ]
    },
    {
      "mode": "data",
      "type": "oci_core_services",
      "name": "DB_datalake_bastion_services",
      "provider": "provider[\"registry.terraform.io/hashicorp/oci\"]",
      "instances": [
        {
          "schema_version": 0,
          "attributes": {
            "filter": null,
            "id": "CoreServicesDataSource-0",
            "services": [
              {
                "cidr_block": "oci-iad-objectstorage",
                "description": "OCI IAD Object Storage",
                "id": "ocid1.service.oc1.iad.aaaaaaaa74z6sqsezqf6znyomdp5jkvfwb4j2ol33abgosvnhxcqphyl3eaq",
                "name": "OCI IAD Object Storage"
              },
              {
                "cidr_block": "all-iad-services-in-oracle-services-network",
                "description": "All IAD Services In Oracle Services Network",
                "id": "ocid1.service.oc1.iad.aaaaaaaam4zfmy2rjue6fmglumm3czgisxzrnvrwqeodtztg7hwa272mlfna",
                "name": "All IAD Services In Oracle Services Network"
              }
            ]
          },
          "sensitive_attributes": []
        }
      ]
    },
    {
      "mode": "data",
      "type": "oci_core_services",
      "name": "dev_services",
      "provider": "provider[\"registry.terraform.io/hashicorp/oci\"]",
      "instances": [
        {
          "schema_version": 0,
          "attributes": {
            "filter": null,
            "id": "CoreServicesDataSource-0",
            "services": [
              {
                "cidr_block": "oci-iad-objectstorage",
                "description": "OCI IAD Object Storage",
                "id": "ocid1.service.oc1.iad.aaaaaaaa74z6sqsezqf6znyomdp5jkvfwb4j2ol33abgosvnhxcqphyl3eaq",
                "name": "OCI IAD Object Storage"
              },
              {
                "cidr_block": "all-iad-services-in-oracle-services-network",
                "description": "All IAD Services In Oracle Services Network",
                "id": "ocid1.service.oc1.iad.aaaaaaaam4zfmy2rjue6fmglumm3czgisxzrnvrwqeodtztg7hwa272mlfna",
                "name": "All IAD Services In Oracle Services Network"
              }
            ]
          },
          "sensitive_attributes": []
        }
      ]
    },
    {
      "mode": "data",
      "type": "oci_database_autonomous_databases",
      "name": "autonomous_data_warehouses",
      "provider": "provider[\"registry.terraform.io/hashicorp/oci\"]",
      "instances": [
        {
          "schema_version": 0,
          "attributes": {
            "autonomous_container_database_id": null,
            "autonomous_databases": [
              {
                "admin_password": "",
                "apex_details": [
                  {
                    "apex_version": "20.2.0.00.20",
                    "ords_version": "21.2.1.181.0913"
                  }
                ],
                "are_primary_whitelisted_ips_used": false,
                "autonomous_container_database_id": "",
                "autonomous_database_backup_id": "",
                "autonomous_database_id": "",
                "available_upgrade_versions": [],
                "backup_config": [
                  {
                    "manual_backup_bucket_name": "",
                    "manual_backup_type": "NONE"
                  }
                ],
                "clone_type": "",
                "compartment_id": "ocid1.compartment.oc1..aaaaaaaaxbfvndp2kg4zq64k4di7iyhstb2hg7yiwjrksexljoz4p5pti7sq",
                "connection_strings": [
                  {
                    "all_connection_strings": {
                      "HIGH": "adb.us-ashburn-1.oraclecloud.com:1522/eosql5wqpgxexni_adbdw1f_high.adb.oraclecloud.com",
                      "LOW": "adb.us-ashburn-1.oraclecloud.com:1522/eosql5wqpgxexni_adbdw1f_low.adb.oraclecloud.com",
                      "MEDIUM": "adb.us-ashburn-1.oraclecloud.com:1522/eosql5wqpgxexni_adbdw1f_medium.adb.oraclecloud.com"
                    },
                    "dedicated": "",
                    "high": "adb.us-ashburn-1.oraclecloud.com:1522/eosql5wqpgxexni_adbdw1f_high.adb.oraclecloud.com",
                    "low": "adb.us-ashburn-1.oraclecloud.com:1522/eosql5wqpgxexni_adbdw1f_low.adb.oraclecloud.com",
                    "medium": "adb.us-ashburn-1.oraclecloud.com:1522/eosql5wqpgxexni_adbdw1f_medium.adb.oraclecloud.com"
                  }
                ],
                "connection_urls": [
                  {
                    "apex_url": "https://EOSQL5WQPGXEXNI-ADBDW1F.adb.us-ashburn-1.oraclecloudapps.com/ords/apex",
                    "graph_studio_url": "https://EOSQL5WQPGXEXNI-ADBDW1F.adb.us-ashburn-1.oraclecloudapps.com/graphstudio/",
                    "machine_learning_user_management_url": "https://adb.us-ashburn-1.oraclecloud.com/omlusers/tenants/OCID1.TENANCY.OC1..AAAAAAAAWDOUBEEUDTHB3DEDFKMXW5ONG4NQ66KYORYCB6LRA7W2BQQ2TXFA/databases/ADBDW1F/index.html",
                    "sql_dev_web_url": "https://EOSQL5WQPGXEXNI-ADBDW1F.adb.us-ashburn-1.oraclecloudapps.com/ords/sql-developer"
                  }
                ],
                "cpu_core_count": 1,
                "customer_contacts": [],
                "data_safe_status": "NOT_REGISTERED",
                "data_storage_size_in_gb": 1024,
                "data_storage_size_in_tbs": 1,
                "db_name": "adbdw1f",
                "db_version": "19c",
                "db_workload": "DW",
                "defined_tags": {
                  "Oracle-Tags.CreatedBy": "oracleidentitycloudservice/shadab.mohammad@oracle.com",
                  "Oracle-Tags.CreatedOn": "2021-07-21T09:06:32.029Z"
                },
                "display_name": "datalake_autonomous_dwh",
                "failed_data_recovery_in_seconds": 0,
                "freeform_tags": {
                  "Department": "Finance"
                },
                "id": "ocid1.autonomousdatabase.oc1.iad.abuwcljspaeucvx3uuoqtzfppf4gnmleamhoiwmzwyhx5irbzpu2uti44mca",
                "infrastructure_type": "",
                "is_access_control_enabled": false,
                "is_auto_scaling_enabled": false,
                "is_data_guard_enabled": false,
                "is_dedicated": false,
                "is_free_tier": false,
                "is_preview": false,
                "is_preview_version_with_service_terms_accepted": false,
                "is_refreshable_clone": false,
                "key_history_entry": [
                  {
                    "id": "ORACLE_MANAGED_KEY",
                    "time_activated": "2021-07-21 09:07:49.893 +0000 UTC",
                    "vault_id": ""
                  }
                ],
                "key_store_id": "",
                "key_store_wallet_name": "",
                "kms_key_id": "ORACLE_MANAGED_KEY",
                "kms_key_lifecycle_details": "",
                "license_model": "LICENSE_INCLUDED",
                "lifecycle_details": "The Autonomous Database operation failed due to an unknown error. Refer to JobId (no job yet) and WorkRequestId 48cc831d-dc43-4958-bdbd-8ec47fe482ce when opening a Service Request at My Oracle Support.",
                "nsg_ids": [],
                "ocpu_count": 0,
                "open_mode": "READ_WRITE",
                "operations_insights_status": "NOT_ENABLED",
                "permission_level": "UNRESTRICTED",
                "private_endpoint": "",
                "private_endpoint_ip": "",
                "private_endpoint_label": "",
                "refreshable_mode": "",
                "refreshable_status": "",
                "role": "",
                "rotate_key_trigger": false,
                "service_console_url": "https://adb.us-ashburn-1.oraclecloud.com/console/index.html?tenant_name=OCID1.TENANCY.OC1..AAAAAAAAWDOUBEEUDTHB3DEDFKMXW5ONG4NQ66KYORYCB6LRA7W2BQQ2TXFA\u0026database_name=ADBDW1F\u0026service_type=ADW",
                "source": "",
                "source_id": "",
                "standby_db": [],
                "standby_whitelisted_ips": [],
                "state": "TERMINATING",
                "subnet_id": "",
                "switchover_to": "",
                "system_tags": {},
                "time_created": "2021-07-21 09:06:32.033 +0000 UTC",
                "time_deletion_of_free_autonomous_database": "",
                "time_maintenance_begin": "2021-07-25 06:00:00 +0000 UTC",
                "time_maintenance_end": "2021-07-25 22:00:00 +0000 UTC",
                "time_of_last_failover": "",
                "time_of_last_refresh": "",
                "time_of_last_refresh_point": "",
                "time_of_last_switchover": "",
                "time_of_next_refresh": "",
                "time_reclamation_of_free_autonomous_database": "",
                "timestamp": "",
                "used_data_storage_size_in_tbs": 1,
                "vault_id": "",
                "whitelisted_ips": [
                  "10.10.0.0/16"
                ]
              }
            ],
            "compartment_id": "ocid1.compartment.oc1..aaaaaaaaxbfvndp2kg4zq64k4di7iyhstb2hg7yiwjrksexljoz4p5pti7sq",
            "db_version": null,
            "db_workload": "DW",
            "display_name": "datalake_autonomous_dwh",
            "filter": null,
            "id": "DatabaseAutonomousDatabasesDataSource-1202199032",
            "infrastructure_type": null,
            "is_data_guard_enabled": null,
            "is_free_tier": null,
            "is_refreshable_clone": null,
            "state": null
          },
          "sensitive_attributes": []
        }
      ]
    },
    {
      "mode": "data",
      "type": "oci_database_autonomous_db_versions",
      "name": "test_autonomous_dw_versions",
      "provider": "provider[\"registry.terraform.io/hashicorp/oci\"]",
      "instances": [
        {
          "schema_version": 0,
          "attributes": {
            "autonomous_db_versions": [
              {
                "db_workload": "DW",
                "details": "www.oracle.com/atp",
                "is_dedicated": false,
                "is_default_for_free": true,
                "is_default_for_paid": true,
                "is_free_tier_enabled": true,
                "is_paid_enabled": true,
                "version": "19c"
              },
              {
                "db_workload": "DW",
                "details": "",
                "is_dedicated": false,
                "is_default_for_free": false,
                "is_default_for_paid": false,
                "is_free_tier_enabled": true,
                "is_paid_enabled": false,
                "version": "21c"
              }
            ],
            "compartment_id": "ocid1.compartment.oc1..aaaaaaaaxbfvndp2kg4zq64k4di7iyhstb2hg7yiwjrksexljoz4p5pti7sq",
            "db_workload": "DW",
            "filter": null,
            "id": "DatabaseAutonomousDbVersionsDataSource-2260253187"
          },
          "sensitive_attributes": []
        }
      ]
    },
    {
      "mode": "data",
      "type": "oci_dataflow_applications",
      "name": "tf_applications",
      "provider": "provider[\"registry.terraform.io/hashicorp/oci\"]",
      "instances": [
        {
          "schema_version": 0,
          "attributes": {
            "applications": [
              {
                "archive_uri": "",
                "arguments": [],
                "class_name": "",
                "compartment_id": "ocid1.compartment.oc1..aaaaaaaaxbfvndp2kg4zq64k4di7iyhstb2hg7yiwjrksexljoz4p5pti7sq",
                "configuration": {},
                "defined_tags": {
                  "Oracle-Tags.CreatedBy": "oracleidentitycloudservice/shadab.mohammad@oracle.com",
                  "Oracle-Tags.CreatedOn": "2021-07-23T04:18:53.501Z"
                },
                "description": "",
                "display_name": "Datalake_Example_App",
                "driver_shape": "",
                "execute": "",
                "executor_shape": "",
                "file_uri": "",
                "freeform_tags": {},
                "id": "ocid1.dataflowapplication.oc1.iad.anuwcljrqcins5ya5v22sodpf246cie4dnlmgz4poym7ecji4koks3a7t4yq",
                "language": "PYTHON",
                "logs_bucket_uri": "",
                "num_executors": 0,
                "owner_principal_id": "ocid1.user.oc1..aaaaaaaavllybhr5mir7r4az2en4aieoftwg6yhu4oa4chbyy753jyodwf3a",
                "owner_user_name": "oracleidentitycloudservice/shadab.mohammad@oracle.com",
                "parameters": [],
                "private_endpoint_id": "",
                "spark_version": "2.4",
                "state": "ACTIVE",
                "time_created": "2021-07-23 04:18:54.547 +0000 UTC",
                "time_updated": "2021-07-23 04:18:54.547 +0000 UTC",
                "warehouse_bucket_uri": ""
              }
            ],
            "compartment_id": "ocid1.compartment.oc1..aaaaaaaaxbfvndp2kg4zq64k4di7iyhstb2hg7yiwjrksexljoz4p5pti7sq",
            "display_name": "Datalake_Example_App",
            "display_name_starts_with": null,
            "filter": null,
            "id": "DataflowApplicationsDataSource-3556398715",
            "owner_principal_id": null,
            "spark_version": null
          },
          "sensitive_attributes": []
        }
      ]
    },
    {
      "mode": "data",
      "type": "oci_golden_gate_deployments",
      "name": "test_deployments",
      "provider": "provider[\"registry.terraform.io/hashicorp/oci\"]",
      "instances": [
        {
          "schema_version": 0,
          "attributes": {
            "compartment_id": "ocid1.compartment.oc1..aaaaaaaaxbfvndp2kg4zq64k4di7iyhstb2hg7yiwjrksexljoz4p5pti7sq",
            "deployment_collection": [
              {
                "items": [
                  {
                    "compartment_id": "ocid1.compartment.oc1..aaaaaaaaxbfvndp2kg4zq64k4di7iyhstb2hg7yiwjrksexljoz4p5pti7sq",
                    "cpu_core_count": 1,
                    "defined_tags": {
                      "Oracle-Tags.CreatedBy": "oracleidentitycloudservice/shadab.mohammad@oracle.com",
                      "Oracle-Tags.CreatedOn": "2021-07-23T04:19:01.612Z"
                    },
                    "deployment_backup_id": "",
                    "deployment_type": "OGG",
                    "deployment_url": "https://fqdn.ggs.com/",
                    "description": "description",
                    "display_name": "GoldenGate_DL",
                    "fqdn": "fqdn.ggs.com",
                    "freeform_tags": {
                      "bar-key": "value"
                    },
                    "id": "ocid1.goldengatedeployment.oc1.iad.amaaaaaaqcins5yab7xhzfzwhmulobctgjxunhbm4y4loajo5cge2pyhetma",
                    "is_auto_scaling_enabled": false,
                    "is_healthy": false,
                    "is_latest_version": true,
                    "is_public": false,
                    "license_model": "LICENSE_INCLUDED",
                    "lifecycle_details": "",
                    "nsg_ids": [],
                    "ogg_data": [],
                    "private_ip_address": "10.10.2.162",
                    "public_ip_address": "",
                    "state": "ACTIVE",
                    "subnet_id": "ocid1.subnet.oc1.iad.aaaaaaaahgtsdmwnuqfb2iszmpk4tsl6bog3pwm3al6tfn4i23miendgic6a",
                    "system_tags": {},
                    "time_created": "2021-07-23 04:19:10.628 +0000 UTC",
                    "time_updated": "2021-07-23 04:28:16.381 +0000 UTC"
                  }
                ]
              }
            ],
            "display_name": "GoldenGate_DL",
            "filter": null,
            "id": "GoldenGateDeploymentsDataSource-909341157",
            "state": "ACTIVE"
          },
          "sensitive_attributes": []
        }
      ]
    },
    {
      "mode": "data",
      "type": "oci_integration_integration_instance",
      "name": "test_integration_instance",
      "provider": "provider[\"registry.terraform.io/hashicorp/oci\"]",
      "instances": [
        {
          "schema_version": 0,
          "attributes": {
            "alternate_custom_endpoints": [],
            "compartment_id": "ocid1.compartment.oc1..aaaaaaaaxbfvndp2kg4zq64k4di7iyhstb2hg7yiwjrksexljoz4p5pti7sq",
            "consumption_model": "UCM",
            "custom_endpoint": [],
            "defined_tags": {
              "Oracle-Tags.CreatedBy": "oracleidentitycloudservice/shadab.mohammad@oracle.com",
              "Oracle-Tags.CreatedOn": "2021-07-23T04:18:53.979Z"
            },
            "display_name": "DatalakeOIC",
            "freeform_tags": {},
            "id": "ocid1.integrationinstance.oc1.iad.amaaaaaaqcins5yarkqi3wsjw32z23olw65qy4wtesfomhekkow7p5s3abqa",
            "idcs_at": null,
            "instance_url": "https://datalakeoic-idmldytingzx-ia.integration.ocp.oraclecloud.com/ic/home",
            "integration_instance_id": "ocid1.integrationinstance.oc1.iad.amaaaaaaqcins5yarkqi3wsjw32z23olw65qy4wtesfomhekkow7p5s3abqa",
            "integration_instance_type": "STANDARD",
            "is_byol": false,
            "is_file_server_enabled": true,
            "is_visual_builder_enabled": false,
            "message_packs": 1,
            "network_endpoint_details": [
              {
                "allowlisted_http_ips": [
                  "10.10.0.0/16"
                ],
                "allowlisted_http_vcns": [],
                "is_integration_vcn_allowlisted": false,
                "network_endpoint_type": "PUBLIC"
              }
            ],
            "state": "ACTIVE",
            "state_message": null,
            "time_created": "2021-07-23 04:28:13.791 +0000 UTC",
            "time_updated": "2021-07-23 04:28:13.791 +0000 UTC"
          },
          "sensitive_attributes": []
        }
      ]
    },
    {
      "mode": "data",
      "type": "oci_integration_integration_instances",
      "name": "test_integration_instances",
      "provider": "provider[\"registry.terraform.io/hashicorp/oci\"]",
      "instances": [
        {
          "schema_version": 0,
          "attributes": {
            "compartment_id": "ocid1.compartment.oc1..aaaaaaaaxbfvndp2kg4zq64k4di7iyhstb2hg7yiwjrksexljoz4p5pti7sq",
            "display_name": "DatalakeOIC",
            "filter": null,
            "id": "IntegrationIntegrationInstancesDataSource-1020723183",
            "integration_instances": [
              {
                "alternate_custom_endpoints": [],
                "compartment_id": "ocid1.compartment.oc1..aaaaaaaaxbfvndp2kg4zq64k4di7iyhstb2hg7yiwjrksexljoz4p5pti7sq",
                "consumption_model": "UCM",
                "custom_endpoint": [],
                "defined_tags": {},
                "display_name": "DatalakeOIC",
                "freeform_tags": {},
                "id": "ocid1.integrationinstance.oc1.iad.amaaaaaaqcins5yarkqi3wsjw32z23olw65qy4wtesfomhekkow7p5s3abqa",
                "idcs_at": "",
                "instance_url": "https://datalakeoic-idmldytingzx-ia.integration.ocp.oraclecloud.com/ic/home",
                "integration_instance_type": "STANDARD",
                "is_byol": false,
                "is_file_server_enabled": true,
                "is_visual_builder_enabled": false,
                "message_packs": 1,
                "network_endpoint_details": [
                  {
                    "allowlisted_http_ips": [
                      "10.10.0.0/16"
                    ],
                    "allowlisted_http_vcns": [],
                    "is_integration_vcn_allowlisted": false,
                    "network_endpoint_type": "PUBLIC"
                  }
                ],
                "state": "ACTIVE",
                "state_message": "",
                "time_created": "2021-07-23 04:28:13.791 +0000 UTC",
                "time_updated": "2021-07-23 04:28:13.791 +0000 UTC"
              }
            ],
            "state": "Active"
          },
          "sensitive_attributes": []
        }
      ]
    },
    {
      "mode": "data",
      "type": "oci_objectstorage_namespace",
      "name": "export_namespace",
      "provider": "provider[\"registry.terraform.io/hashicorp/oci\"]",
      "instances": [
        {
          "schema_version": 0,
          "attributes": {
            "compartment_id": "ocid1.compartment.oc1..aaaaaaaaxbfvndp2kg4zq64k4di7iyhstb2hg7yiwjrksexljoz4p5pti7sq",
            "id": "ObjectStorageNamespaceDataSource-1815794360",
            "namespace": "idmldytingzx"
          },
          "sensitive_attributes": []
        }
      ]
    },
    {
      "mode": "data",
      "type": "oci_objectstorage_namespace",
      "name": "test_namespace",
      "provider": "provider[\"registry.terraform.io/hashicorp/oci\"]",
      "instances": [
        {
          "schema_version": 0,
          "attributes": {
            "compartment_id": null,
            "id": "ObjectStorageNamespaceDataSource-0",
            "namespace": "idmldytingzx"
          },
          "sensitive_attributes": []
        }
      ]
    },
    {
      "mode": "managed",
      "type": "oci_analytics_analytics_instance",
      "name": "Nonprod_analytics_instance",
      "provider": "provider[\"registry.terraform.io/hashicorp/oci\"]",
      "instances": [
        {
          "schema_version": 0,
          "attributes": {
            "capacity": [
              {
                "capacity_type": "OLPU_COUNT",
                "capacity_value": 1
              }
            ],
            "compartment_id": "ocid1.compartment.oc1..aaaaaaaaxbfvndp2kg4zq64k4di7iyhstb2hg7yiwjrksexljoz4p5pti7sq",
            "defined_tags": {
              "Oracle-Tags.CreatedBy": "oracleidentitycloudservice/shadab.mohammad@oracle.com",
              "Oracle-Tags.CreatedOn": "2021-07-23T04:19:02.846Z"
            },
            "description": "XYZ Development DL",
            "email_notification": null,
            "feature_set": "ENTERPRISE_ANALYTICS",
            "freeform_tags": {},
            "id": "ocid1.analyticsinstance.oc1.iad.aaaaaaaarf5v7wvwr4vgswq7inwqbvedxc24ligtmvcxoial7scr273c2cua",
            "idcs_access_token": "577c05e24f9e43245ff2201a6a3d7d0f",
            "license_type": "LICENSE_INCLUDED",
            "name": "DEVOAC1",
            "network_endpoint_details": [
              {
                "network_endpoint_type": "PRIVATE",
                "subnet_id": "ocid1.subnet.oc1.iad.aaaaaaaatesvhh6it5usj5io3d7cgpc2cpz66oexntd6led5cqg7h56e3wca",
                "vcn_id": "ocid1.vcn.oc1.iad.amaaaaaaqcins5ya7tjoxv2ngdtzcgejfbnhj4cxmguyvlby6w3eyrx7cuba",
                "whitelisted_ips": [],
                "whitelisted_vcns": []
              }
            ],
            "private_access_channels": {},
            "service_url": "https://devoac1-idmldytingzx-ia.analytics.ocp.oraclecloud.com/ui/",
            "state": "ACTIVE",
            "time_created": "2021-07-23 04:19:07.883 +0000 UTC",
            "time_updated": "2021-07-23 05:43:57.646 +0000 UTC",
            "timeouts": null,
            "vanity_url_details": {}
          },
          "sensitive_attributes": [],
          "private": "eyJlMmJmYjczMC1lY2FhLTExZTYtOGY4OC0zNDM2M2JjN2M0YzAiOnsiY3JlYXRlIjozNjAwMDAwMDAwMDAwLCJkZWxldGUiOjM2MDAwMDAwMDAwMDAsInVwZGF0ZSI6MzYwMDAwMDAwMDAwMH19",
          "dependencies": [
            "oci_core_vcn.vcn",
            "data.oci_core_services.dev_services",
            "oci_core_nat_gateway.nat_gateway",
            "oci_core_route_table.route_table_dev_app_private",
            "oci_core_security_list.security_list_app_private",
            "oci_core_service_gateway.service_gateway",
            "oci_core_subnet.subnet_dev_APP_private"
          ]
        }
      ]
    },
    {
      "mode": "managed",
      "type": "oci_analytics_analytics_instance_private_access_channel",
      "name": "Nonprod_analytics_PAC",
      "provider": "provider[\"registry.terraform.io/hashicorp/oci\"]",
      "instances": [
        {
          "schema_version": 0,
          "attributes": {
            "analytics_instance_id": "ocid1.analyticsinstance.oc1.iad.aaaaaaaarf5v7wvwr4vgswq7inwqbvedxc24ligtmvcxoial7scr273c2cua",
            "display_name": "NonProdPAC",
            "egress_source_ip_addresses": [
              "10.10.3.85",
              "10.10.3.52"
            ],
            "id": "analyticsInstances/ocid1.analyticsinstance.oc1.iad.aaaaaaaarf5v7wvwr4vgswq7inwqbvedxc24ligtmvcxoial7scr273c2cua/privateAccessChannels/privateAccessChannel-d0c97d529cc5495ebd10213df1b74a25",
            "ip_address": "10.10.3.206",
            "key": "privateAccessChannel-d0c97d529cc5495ebd10213df1b74a25",
            "private_source_dns_zones": [
              {
                "description": "OAC Private Access Channel",
                "dns_zone": "datalake.oraclevcn.com"
              }
            ],
            "subnet_id": "ocid1.subnet.oc1.iad.aaaaaaaatesvhh6it5usj5io3d7cgpc2cpz66oexntd6led5cqg7h56e3wca",
            "timeouts": null,
            "vcn_id": "ocid1.vcn.oc1.iad.amaaaaaaqcins5ya7tjoxv2ngdtzcgejfbnhj4cxmguyvlby6w3eyrx7cuba"
          },
          "sensitive_attributes": [],
          "private": "eyJlMmJmYjczMC1lY2FhLTExZTYtOGY4OC0zNDM2M2JjN2M0YzAiOnsiY3JlYXRlIjo3MjAwMDAwMDAwMDAwLCJkZWxldGUiOjcyMDAwMDAwMDAwMDAsInVwZGF0ZSI6NzIwMDAwMDAwMDAwMH19",
          "dependencies": [
            "oci_core_nat_gateway.nat_gateway",
            "oci_core_route_table.route_table_dev_app_private",
            "oci_core_security_list.security_list_app_private",
            "oci_core_service_gateway.service_gateway",
            "oci_core_subnet.subnet_dev_APP_private",
            "oci_core_vcn.vcn",
            "data.oci_core_services.dev_services",
            "oci_analytics_analytics_instance.Nonprod_analytics_instance"
          ]
        }
      ]
    },
    {
      "mode": "managed",
      "type": "oci_bastion_bastion",
      "name": "APP_datalake_bastion",
      "provider": "provider[\"registry.terraform.io/hashicorp/oci\"]",
      "instances": [
        {
          "schema_version": 0,
          "attributes": {
            "bastion_type": "STANDARD",
            "client_cidr_block_allow_list": [
              "0.0.0.0/0"
            ],
            "compartment_id": "ocid1.compartment.oc1..aaaaaaaaxbfvndp2kg4zq64k4di7iyhstb2hg7yiwjrksexljoz4p5pti7sq",
            "defined_tags": {
              "Oracle-Tags.CreatedBy": "oracleidentitycloudservice/shadab.mohammad@oracle.com",
              "Oracle-Tags.CreatedOn": "2021-07-23T04:19:02.854Z"
            },
            "freeform_tags": {},
            "id": "ocid1.bastion.oc1.iad.amaaaaaaqcins5yaxck6qn7urgarepiuz2x52dlcbob2fuzcgp34n33dtyzq",
            "lifecycle_details": null,
            "max_session_ttl_in_seconds": 1800,
            "max_sessions_allowed": 20,
            "name": "DataLakeBastionAPP",
            "phone_book_entry": null,
            "private_endpoint_ip_address": "10.10.3.66",
            "state": "ACTIVE",
            "static_jump_host_ip_addresses": [],
            "system_tags": {},
            "target_subnet_id": "ocid1.subnet.oc1.iad.aaaaaaaatesvhh6it5usj5io3d7cgpc2cpz66oexntd6led5cqg7h56e3wca",
            "target_vcn_id": "ocid1.vcn.oc1.iad.amaaaaaaqcins5ya7tjoxv2ngdtzcgejfbnhj4cxmguyvlby6w3eyrx7cuba",
            "time_created": "2021-07-23 04:19:10.359 +0000 UTC",
            "time_updated": "2021-07-23 04:19:43.024 +0000 UTC",
            "timeouts": null
          },
          "sensitive_attributes": [],
          "private": "eyJlMmJmYjczMC1lY2FhLTExZTYtOGY4OC0zNDM2M2JjN2M0YzAiOnsiY3JlYXRlIjoxMjAwMDAwMDAwMDAwLCJkZWxldGUiOjEyMDAwMDAwMDAwMDAsInVwZGF0ZSI6MTIwMDAwMDAwMDAwMH19",
          "dependencies": [
            "oci_core_security_list.security_list_app_private",
            "oci_core_service_gateway.service_gateway",
            "oci_core_subnet.subnet_dev_APP_private",
            "oci_core_vcn.vcn",
            "data.oci_core_services.dev_services",
            "oci_core_nat_gateway.nat_gateway",
            "oci_core_route_table.route_table_dev_app_private"
          ]
        }
      ]
    },
    {
      "mode": "managed",
      "type": "oci_bastion_bastion",
      "name": "DB_datalake_bastion",
      "provider": "provider[\"registry.terraform.io/hashicorp/oci\"]",
      "instances": [
        {
          "schema_version": 0,
          "attributes": {
            "bastion_type": "STANDARD",
            "client_cidr_block_allow_list": [
              "0.0.0.0/0"
            ],
            "compartment_id": "ocid1.compartment.oc1..aaaaaaaaxbfvndp2kg4zq64k4di7iyhstb2hg7yiwjrksexljoz4p5pti7sq",
            "defined_tags": {
              "Oracle-Tags.CreatedBy": "oracleidentitycloudservice/shadab.mohammad@oracle.com",
              "Oracle-Tags.CreatedOn": "2021-07-23T04:19:01.646Z"
            },
            "freeform_tags": {},
            "id": "ocid1.bastion.oc1.iad.amaaaaaaqcins5yam7sspbl6xkbsffjobmhe6sq5c7nf74xawlew5bywcyqa",
            "lifecycle_details": null,
            "max_session_ttl_in_seconds": 1800,
            "max_sessions_allowed": 20,
            "name": "DataLakeBastionDB",
            "phone_book_entry": null,
            "private_endpoint_ip_address": "10.10.2.52",
            "state": "ACTIVE",
            "static_jump_host_ip_addresses": [],
            "system_tags": {},
            "target_subnet_id": "ocid1.subnet.oc1.iad.aaaaaaaahgtsdmwnuqfb2iszmpk4tsl6bog3pwm3al6tfn4i23miendgic6a",
            "target_vcn_id": "ocid1.vcn.oc1.iad.amaaaaaaqcins5ya7tjoxv2ngdtzcgejfbnhj4cxmguyvlby6w3eyrx7cuba",
            "time_created": "2021-07-23 04:19:04.586 +0000 UTC",
            "time_updated": "2021-07-23 04:19:49.32 +0000 UTC",
            "timeouts": null
          },
          "sensitive_attributes": [],
          "private": "eyJlMmJmYjczMC1lY2FhLTExZTYtOGY4OC0zNDM2M2JjN2M0YzAiOnsiY3JlYXRlIjoxMjAwMDAwMDAwMDAwLCJkZWxldGUiOjEyMDAwMDAwMDAwMDAsInVwZGF0ZSI6MTIwMDAwMDAwMDAwMH19",
          "dependencies": [
            "data.oci_core_services.dev_services",
            "oci_core_nat_gateway.nat_gateway",
            "oci_core_route_table.route_table_dev_db_private",
            "oci_core_security_list.security_list_dev_db_private",
            "oci_core_service_gateway.service_gateway",
            "oci_core_subnet.subnet_dev_DB_private",
            "oci_core_vcn.vcn"
          ]
        }
      ]
    },
    {
      "mode": "managed",
      "type": "oci_bds_bds_instance",
      "name": "datalake_bds_instance",
      "provider": "provider[\"registry.terraform.io/hashicorp/oci\"]",
      "instances": [
        {
          "schema_version": 0,
          "attributes": {
            "cloud_sql_details": [
              {
                "block_volume_size_in_gbs": "1000",
                "ip_address": "10.10.2.132",
                "is_kerberos_mapped_to_database_users": false,
                "kerberos_details": [],
                "shape": "VM.Standard2.4"
              }
            ],
            "cluster_admin_password": "V2VsY29tZTE=",
            "cluster_details": [
              {
                "ambari_url": "https://10.10.2.159:7183",
                "bd_cell_version": "12.2.1.1.0_LINUX.X64_210701-1",
                "bda_version": "1.0.0",
                "bdm_version": "1.0.0",
                "bds_version": "3.0.2",
                "big_data_manager_url": "",
                "cloudera_manager_url": "",
                "csql_cell_version": "4.1",
                "db_version": "19",
                "hue_server_url": "http://10.10.2.159:8888",
                "os_version": "7.9",
                "time_created": "2021-07-23 06:42:29.49 +0000 UTC",
                "time_refreshed": "2021-07-23 07:45:08.105 +0000 UTC"
              }
            ],
            "cluster_public_key": "ssh-rsa AAAAB3NzaC1yc2EAAAADAQABAAABAQDpUa4zUZKyU3AkW9yoJTBDO550wpWZOXdHswfRq75gbJ2ZYlMtifvwiO3qUL/RIZSC6e1wA5OL2LQ97UaHrLLPXgjvKGVIDRHqPkzTOayjJ4ZA7NPNhcu6f/OxhKkCYF3TAQObhMJmUSMrWSUeufaRIujDz1HHqazxOgFk09fj4i2dcGnfPcm32t8a9MzlsHSmgexYCUwxGisuuWTsnMgxbqsj6DaY51l+SEPi5tf10iFmUWqziF0eKDDQ/jHkwLJ8wgBJef9FSOmwJReHcBY+NviwFTatGj7Cwtnks6CVomsFD+rAMJ9uzM8SCv5agYunx07hnEXbR9r/TXqgXGfN bdsclusterkey@oracleoci.com",
            "cluster_version": "ODH1",
            "compartment_id": "ocid1.compartment.oc1..aaaaaaaaxbfvndp2kg4zq64k4di7iyhstb2hg7yiwjrksexljoz4p5pti7sq",
            "created_by": "oracleidentitycloudservice/shadab.mohammad@oracle.com",
            "defined_tags": {
              "Oracle-Tags.CreatedBy": "oracleidentitycloudservice/shadab.mohammad@oracle.com",
              "Oracle-Tags.CreatedOn": "2021-07-23T05:57:41.752Z"
            },
            "display_name": "displayName2",
            "freeform_tags": {
              "bar-key": "value"
            },
            "id": "ocid1.bigdataservice.oc1.iad.amaaaaaapvq3y5aabket23eyxpkg7l54sf3cgmebpjysiqocmbt2tlf2chgq",
            "is_cloud_sql_configured": true,
            "is_high_availability": false,
            "is_secure": false,
            "master_node": [
              {
                "block_volume_size_in_gbs": "150",
                "number_of_nodes": 1,
                "shape": "VM.Standard2.4",
                "subnet_id": "ocid1.subnet.oc1.iad.aaaaaaaahgtsdmwnuqfb2iszmpk4tsl6bog3pwm3al6tfn4i23miendgic6a"
              }
            ],
            "network_config": [
              {
                "cidr_block": "192.168.0.0/16",
                "is_nat_gateway_required": false
              }
            ],
            "nodes": [
              {
                "attached_block_volumes": [
                  {
                    "volume_attachment_id": "ocid1.volumeattachment.oc1.iad.anuwcljrjtu3p6ycgfimrnofknvh4dbsxddo2ndzd4fn67fffccciyq3ciha",
                    "volume_size_in_gbs": "150"
                  }
                ],
                "availability_domain": "jLHX:US-ASHBURN-AD-1",
                "display_name": "displaymn0",
                "fault_domain": "FAULT-DOMAIN-3",
                "hostname": "displaymn0.devdbpvtsubnet.datalake.oraclevcn.com",
                "image_id": "ocid1.image.oc1.iad.aaaaaaaakfpgx26y5gltxhz4fkrv57bhvsvz7uq4ikqka6u5burooqtoryxq",
                "instance_id": "ocid1.instance.oc1.iad.anuwcljrjtu3p6ycrolhdzn6pr4tbzmuiy53f7vdhkrfrgder3nktkagjy4a",
                "ip_address": "10.10.2.57",
                "node_type": "MASTER",
                "shape": "VM.Standard2.4",
                "ssh_fingerprint": "",
                "state": "ACTIVE",
                "subnet_id": "ocid1.subnet.oc1.iad.aaaaaaaahgtsdmwnuqfb2iszmpk4tsl6bog3pwm3al6tfn4i23miendgic6a",
                "time_created": "2021-07-23 05:57:41.818 +0000 UTC"
              },
              {
                "attached_block_volumes": [
                  {
                    "volume_attachment_id": "",
                    "volume_size_in_gbs": "1000"
                  }
                ],
                "availability_domain": "jLHX:US-ASHBURN-AD-1",
                "display_name": "displayqs0",
                "fault_domain": "FAULT-DOMAIN-3",
                "hostname": "displayqs0.devdbpvtsubnet.datalake.oraclevcn.com",
                "image_id": "ocid1.image.oc1.iad.aaaaaaaaywnk7q57ltazse2tl27ssnbg5q7xx5dnskk7f2xrzb5zkf52uhfa",
                "instance_id": "ocid1.instance.oc1.iad.anuwcljrjtu3p6yc2ny7y7ii5lehxebykexmyp7bldwk7wqv2xjr6cfzfuka",
                "ip_address": "10.10.2.132",
                "node_type": "CLOUD_SQL",
                "shape": "VM.Standard2.4",
                "ssh_fingerprint": "",
                "state": "ACTIVE",
                "subnet_id": "ocid1.subnet.oc1.iad.aaaaaaaahgtsdmwnuqfb2iszmpk4tsl6bog3pwm3al6tfn4i23miendgic6a",
                "time_created": "2021-07-23 06:42:42.027 +0000 UTC"
              },
              {
                "attached_block_volumes": [
                  {
                    "volume_attachment_id": "ocid1.volumeattachment.oc1.iad.anuwcljrjtu3p6yc5zfe64iqnaa7la6336s3fhhht34q4p2uslwhswt3ijlq",
                    "volume_size_in_gbs": "150"
                  }
                ],
                "availability_domain": "jLHX:US-ASHBURN-AD-1",
                "display_name": "displaywn2",
                "fault_domain": "FAULT-DOMAIN-3",
                "hostname": "displaywn2.devdbpvtsubnet.datalake.oraclevcn.com",
                "image_id": "ocid1.image.oc1.iad.aaaaaaaakfpgx26y5gltxhz4fkrv57bhvsvz7uq4ikqka6u5burooqtoryxq",
                "instance_id": "ocid1.instance.oc1.iad.anuwcljrjtu3p6ycsd6msxlletcq764kknd4r2hugwhvmudobe4f4r3kp5hq",
                "ip_address": "10.10.2.190",
                "node_type": "WORKER",
                "shape": "VM.Standard2.1",
                "ssh_fingerprint": "",
                "state": "ACTIVE",
                "subnet_id": "ocid1.subnet.oc1.iad.aaaaaaaahgtsdmwnuqfb2iszmpk4tsl6bog3pwm3al6tfn4i23miendgic6a",
                "time_created": "2021-07-23 05:57:42.04 +0000 UTC"
              },
              {
                "attached_block_volumes": [
                  {
                    "volume_attachment_id": "ocid1.volumeattachment.oc1.iad.anuwcljsjtu3p6yckb2brexwfvqn6r4wdhc5tbutu52nrbi35bnjtdnqrxiq",
                    "volume_size_in_gbs": "150"
                  }
                ],
                "availability_domain": "jLHX:US-ASHBURN-AD-2",
                "display_name": "displaywn1",
                "fault_domain": "FAULT-DOMAIN-2",
                "hostname": "displaywn1.devdbpvtsubnet.datalake.oraclevcn.com",
                "image_id": "ocid1.image.oc1.iad.aaaaaaaakfpgx26y5gltxhz4fkrv57bhvsvz7uq4ikqka6u5burooqtoryxq",
                "instance_id": "ocid1.instance.oc1.iad.anuwcljsjtu3p6ycenfb6y72ib3iqumchikfiislvkd663jnuh5ybbadovfq",
                "ip_address": "10.10.2.204",
                "node_type": "WORKER",
                "shape": "VM.Standard2.1",
                "ssh_fingerprint": "",
                "state": "ACTIVE",
                "subnet_id": "ocid1.subnet.oc1.iad.aaaaaaaahgtsdmwnuqfb2iszmpk4tsl6bog3pwm3al6tfn4i23miendgic6a",
                "time_created": "2021-07-23 05:57:41.963 +0000 UTC"
              },
              {
                "attached_block_volumes": [
                  {
                    "volume_attachment_id": "ocid1.volumeattachment.oc1.iad.anuwcljtjtu3p6ycq3m6vnag2gmkt4hwz4pqkjbalac6axpgmwlwjcvkb2yq",
                    "volume_size_in_gbs": "150"
                  }
                ],
                "availability_domain": "jLHX:US-ASHBURN-AD-3",
                "display_name": "displaywn0",
                "fault_domain": "FAULT-DOMAIN-3",
                "hostname": "displaywn0.devdbpvtsubnet.datalake.oraclevcn.com",
                "image_id": "ocid1.image.oc1.iad.aaaaaaaakfpgx26y5gltxhz4fkrv57bhvsvz7uq4ikqka6u5burooqtoryxq",
                "instance_id": "ocid1.instance.oc1.iad.anuwcljtjtu3p6ycdgzsvhi5pxxwaareafft6jqyhmdmw7wq573mozfnrpsq",
                "ip_address": "10.10.2.166",
                "node_type": "WORKER",
                "shape": "VM.Standard2.1",
                "ssh_fingerprint": "",
                "state": "ACTIVE",
                "subnet_id": "ocid1.subnet.oc1.iad.aaaaaaaahgtsdmwnuqfb2iszmpk4tsl6bog3pwm3al6tfn4i23miendgic6a",
                "time_created": "2021-07-23 05:57:41.913 +0000 UTC"
              },
              {
                "attached_block_volumes": [
                  {
                    "volume_attachment_id": "ocid1.volumeattachment.oc1.iad.anuwcljrjtu3p6ycqy5iyzdwza7qmwtvcfatr3ryp7lwoldzbm3jomme35ja",
                    "volume_size_in_gbs": "150"
                  }
                ],
                "availability_domain": "jLHX:US-ASHBURN-AD-1",
                "display_name": "displayun0",
                "fault_domain": "FAULT-DOMAIN-3",
                "hostname": "displayun0.devdbpvtsubnet.datalake.oraclevcn.com",
                "image_id": "ocid1.image.oc1.iad.aaaaaaaakfpgx26y5gltxhz4fkrv57bhvsvz7uq4ikqka6u5burooqtoryxq",
                "instance_id": "ocid1.instance.oc1.iad.anuwcljrjtu3p6ycmsi65j3ldjnse5nxvwkrim7dt6qulbmp7j3ofhrf2obq",
                "ip_address": "10.10.2.159",
                "node_type": "UTILITY",
                "shape": "VM.Standard2.4",
                "ssh_fingerprint": "",
                "state": "ACTIVE",
                "subnet_id": "ocid1.subnet.oc1.iad.aaaaaaaahgtsdmwnuqfb2iszmpk4tsl6bog3pwm3al6tfn4i23miendgic6a",
                "time_created": "2021-07-23 05:57:41.861 +0000 UTC"
              }
            ],
            "number_of_nodes": 6,
            "state": "ACTIVE",
            "time_created": "2021-07-23 05:57:41.794 +0000 UTC",
            "time_updated": "2021-07-23 07:45:08.156 +0000 UTC",
            "timeouts": null,
            "util_node": [
              {
                "block_volume_size_in_gbs": "150",
                "number_of_nodes": 1,
                "shape": "VM.Standard2.4",
                "subnet_id": "ocid1.subnet.oc1.iad.aaaaaaaahgtsdmwnuqfb2iszmpk4tsl6bog3pwm3al6tfn4i23miendgic6a"
              }
            ],
            "worker_node": [
              {
                "block_volume_size_in_gbs": "150",
                "number_of_nodes": 3,
                "shape": "VM.Standard2.1",
                "subnet_id": "ocid1.subnet.oc1.iad.aaaaaaaahgtsdmwnuqfb2iszmpk4tsl6bog3pwm3al6tfn4i23miendgic6a"
              }
            ]
          },
          "sensitive_attributes": [],
          "private": "eyJlMmJmYjczMC1lY2FhLTExZTYtOGY4OC0zNDM2M2JjN2M0YzAiOnsiY3JlYXRlIjoxMDgwMDAwMDAwMDAwMCwiZGVsZXRlIjoxMDgwMDAwMDAwMDAwMCwidXBkYXRlIjoxMDgwMDAwMDAwMDAwMH19",
          "dependencies": [
            "oci_core_vcn.vcn",
            "data.oci_core_services.dev_services",
            "oci_core_nat_gateway.nat_gateway",
            "oci_core_route_table.route_table_dev_db_private",
            "oci_core_security_list.security_list_dev_db_private",
            "oci_core_service_gateway.service_gateway",
            "oci_core_subnet.subnet_dev_DB_private"
          ]
        }
      ]
    },
    {
      "mode": "managed",
      "type": "oci_core_internet_gateway",
      "name": "internet_gateway",
      "provider": "provider[\"registry.terraform.io/hashicorp/oci\"]",
      "instances": [
        {
          "schema_version": 0,
          "attributes": {
            "compartment_id": "ocid1.compartment.oc1..aaaaaaaaxbfvndp2kg4zq64k4di7iyhstb2hg7yiwjrksexljoz4p5pti7sq",
            "defined_tags": {
              "Oracle-Tags.CreatedBy": "oracleidentitycloudservice/shadab.mohammad@oracle.com",
              "Oracle-Tags.CreatedOn": "2021-07-23T04:18:54.224Z"
            },
            "display_name": "XYZ_DEV_Vcn_InternetGateway",
            "enabled": true,
            "freeform_tags": {},
            "id": "ocid1.internetgateway.oc1.iad.aaaaaaaa56dcqe6gfrwezanyjtajxsq24hjgiusafbdzidkgd6wkflm5gzka",
            "state": "AVAILABLE",
            "time_created": "2021-07-23 04:18:54.249 +0000 UTC",
            "timeouts": null,
            "vcn_id": "ocid1.vcn.oc1.iad.amaaaaaaqcins5ya7tjoxv2ngdtzcgejfbnhj4cxmguyvlby6w3eyrx7cuba"
          },
          "sensitive_attributes": [],
          "private": "eyJlMmJmYjczMC1lY2FhLTExZTYtOGY4OC0zNDM2M2JjN2M0YzAiOnsiY3JlYXRlIjoxMjAwMDAwMDAwMDAwLCJkZWxldGUiOjEyMDAwMDAwMDAwMDAsInVwZGF0ZSI6MTIwMDAwMDAwMDAwMH19",
          "dependencies": [
            "oci_core_vcn.vcn"
          ]
        }
      ]
    },
    {
      "mode": "managed",
      "type": "oci_core_nat_gateway",
      "name": "nat_gateway",
      "provider": "provider[\"registry.terraform.io/hashicorp/oci\"]",
      "instances": [
        {
          "schema_version": 0,
          "attributes": {
            "block_traffic": false,
            "compartment_id": "ocid1.compartment.oc1..aaaaaaaaxbfvndp2kg4zq64k4di7iyhstb2hg7yiwjrksexljoz4p5pti7sq",
            "defined_tags": {
              "Oracle-Tags.CreatedBy": "oracleidentitycloudservice/shadab.mohammad@oracle.com",
              "Oracle-Tags.CreatedOn": "2021-07-23T04:18:54.015Z"
            },
            "display_name": "XYZ_DEV_Vcn_NatGateway",
            "freeform_tags": {},
            "id": "ocid1.natgateway.oc1.iad.aaaaaaaamfk3smi6hfwq7rwsteanhif3w6tdz6jztjv6b7wsglwkxblrsk5a",
            "nat_ip": "193.122.132.36",
            "public_ip_id": "ocid1.publicip.oc1.iad.aaaaaaaahtag4jmfe3vwywp7jvapraino2perhqhcrmiw44v73dbzhqhwfza",
            "state": "AVAILABLE",
            "time_created": "2021-07-23 04:18:54.447 +0000 UTC",
            "timeouts": null,
            "vcn_id": "ocid1.vcn.oc1.iad.amaaaaaaqcins5ya7tjoxv2ngdtzcgejfbnhj4cxmguyvlby6w3eyrx7cuba"
          },
          "sensitive_attributes": [],
          "private": "eyJlMmJmYjczMC1lY2FhLTExZTYtOGY4OC0zNDM2M2JjN2M0YzAiOnsiY3JlYXRlIjoxMjAwMDAwMDAwMDAwLCJkZWxldGUiOjEyMDAwMDAwMDAwMDAsInVwZGF0ZSI6MTIwMDAwMDAwMDAwMH19",
          "dependencies": [
            "oci_core_vcn.vcn"
          ]
        }
      ]
    },
    {
      "mode": "managed",
      "type": "oci_core_route_table",
      "name": "route_table_dev_app_private",
      "provider": "provider[\"registry.terraform.io/hashicorp/oci\"]",
      "instances": [
        {
          "schema_version": 0,
          "attributes": {
            "compartment_id": "ocid1.compartment.oc1..aaaaaaaaxbfvndp2kg4zq64k4di7iyhstb2hg7yiwjrksexljoz4p5pti7sq",
            "defined_tags": {
              "Oracle-Tags.CreatedBy": "oracleidentitycloudservice/shadab.mohammad@oracle.com",
              "Oracle-Tags.CreatedOn": "2021-07-23T04:18:56.488Z"
            },
            "display_name": "DEV_APP_Private_Subnet_RT",
            "freeform_tags": {},
            "id": "ocid1.routetable.oc1.iad.aaaaaaaax2e3ap4orhnyv7w7gwexi2szysut5dyvpey3icjx4pkpn2h5btsa",
            "route_rules": [
              {
                "cidr_block": "",
                "description": "Routing Rule for Nat Gateway",
                "destination": "0.0.0.0/0",
                "destination_type": "CIDR_BLOCK",
                "network_entity_id": "ocid1.natgateway.oc1.iad.aaaaaaaamfk3smi6hfwq7rwsteanhif3w6tdz6jztjv6b7wsglwkxblrsk5a"
              },
              {
                "cidr_block": "",
                "description": "Routing Rule for service Gateway",
                "destination": "all-iad-services-in-oracle-services-network",
                "destination_type": "SERVICE_CIDR_BLOCK",
                "network_entity_id": "ocid1.servicegateway.oc1.iad.aaaaaaaaaaildgz3b24ffevuam53jegua4bsfbcyphlndrii72ahbtg6wmga"
              }
            ],
            "state": "AVAILABLE",
            "time_created": "2021-07-23 04:18:56.537 +0000 UTC",
            "timeouts": null,
            "vcn_id": "ocid1.vcn.oc1.iad.amaaaaaaqcins5ya7tjoxv2ngdtzcgejfbnhj4cxmguyvlby6w3eyrx7cuba"
          },
          "sensitive_attributes": [],
          "private": "eyJlMmJmYjczMC1lY2FhLTExZTYtOGY4OC0zNDM2M2JjN2M0YzAiOnsiY3JlYXRlIjoxMjAwMDAwMDAwMDAwLCJkZWxldGUiOjEyMDAwMDAwMDAwMDAsInVwZGF0ZSI6MTIwMDAwMDAwMDAwMH19",
          "dependencies": [
            "data.oci_core_services.dev_services",
            "oci_core_nat_gateway.nat_gateway",
            "oci_core_service_gateway.service_gateway",
            "oci_core_vcn.vcn"
          ]
        }
      ]
    },
    {
      "mode": "managed",
      "type": "oci_core_route_table",
      "name": "route_table_dev_db_private",
      "provider": "provider[\"registry.terraform.io/hashicorp/oci\"]",
      "instances": [
        {
          "schema_version": 0,
          "attributes": {
            "compartment_id": "ocid1.compartment.oc1..aaaaaaaaxbfvndp2kg4zq64k4di7iyhstb2hg7yiwjrksexljoz4p5pti7sq",
            "defined_tags": {
              "Oracle-Tags.CreatedBy": "oracleidentitycloudservice/shadab.mohammad@oracle.com",
              "Oracle-Tags.CreatedOn": "2021-07-23T04:18:56.492Z"
            },
            "display_name": "DEV_DB_Private_Subnet_RT",
            "freeform_tags": {},
            "id": "ocid1.routetable.oc1.iad.aaaaaaaauchnmzifxmxfpzxm3it6sk2blmpmrc3jntgou2qzppueoripeieq",
            "route_rules": [
              {
                "cidr_block": "",
                "description": "Routing Rule for Nat Gateway",
                "destination": "0.0.0.0/0",
                "destination_type": "CIDR_BLOCK",
                "network_entity_id": "ocid1.natgateway.oc1.iad.aaaaaaaamfk3smi6hfwq7rwsteanhif3w6tdz6jztjv6b7wsglwkxblrsk5a"
              },
              {
                "cidr_block": "",
                "description": "Routing Rule for service Gateway",
                "destination": "all-iad-services-in-oracle-services-network",
                "destination_type": "SERVICE_CIDR_BLOCK",
                "network_entity_id": "ocid1.servicegateway.oc1.iad.aaaaaaaaaaildgz3b24ffevuam53jegua4bsfbcyphlndrii72ahbtg6wmga"
              }
            ],
            "state": "AVAILABLE",
            "time_created": "2021-07-23 04:18:56.563 +0000 UTC",
            "timeouts": null,
            "vcn_id": "ocid1.vcn.oc1.iad.amaaaaaaqcins5ya7tjoxv2ngdtzcgejfbnhj4cxmguyvlby6w3eyrx7cuba"
          },
          "sensitive_attributes": [],
          "private": "eyJlMmJmYjczMC1lY2FhLTExZTYtOGY4OC0zNDM2M2JjN2M0YzAiOnsiY3JlYXRlIjoxMjAwMDAwMDAwMDAwLCJkZWxldGUiOjEyMDAwMDAwMDAwMDAsInVwZGF0ZSI6MTIwMDAwMDAwMDAwMH19",
          "dependencies": [
            "data.oci_core_services.dev_services",
            "oci_core_nat_gateway.nat_gateway",
            "oci_core_service_gateway.service_gateway",
            "oci_core_vcn.vcn"
          ]
        }
      ]
    },
    {
      "mode": "managed",
      "type": "oci_core_route_table",
      "name": "route_table_dev_public",
      "provider": "provider[\"registry.terraform.io/hashicorp/oci\"]",
      "instances": [
        {
          "schema_version": 0,
          "attributes": {
            "compartment_id": "ocid1.compartment.oc1..aaaaaaaaxbfvndp2kg4zq64k4di7iyhstb2hg7yiwjrksexljoz4p5pti7sq",
            "defined_tags": {
              "Oracle-Tags.CreatedBy": "oracleidentitycloudservice/shadab.mohammad@oracle.com",
              "Oracle-Tags.CreatedOn": "2021-07-23T04:18:55.172Z"
            },
            "display_name": "DEV_Public_Subnet_RT",
            "freeform_tags": {},
            "id": "ocid1.routetable.oc1.iad.aaaaaaaavt3kgb75c4kxxehvkxmcu63v7yw6eerzfb4lz5rm3rbatr35f7wq",
            "route_rules": [
              {
                "cidr_block": "",
                "description": "Routing Rule for Internet access",
                "destination": "0.0.0.0/0",
                "destination_type": "CIDR_BLOCK",
                "network_entity_id": "ocid1.internetgateway.oc1.iad.aaaaaaaa56dcqe6gfrwezanyjtajxsq24hjgiusafbdzidkgd6wkflm5gzka"
              }
            ],
            "state": "AVAILABLE",
            "time_created": "2021-07-23 04:18:55.212 +0000 UTC",
            "timeouts": null,
            "vcn_id": "ocid1.vcn.oc1.iad.amaaaaaaqcins5ya7tjoxv2ngdtzcgejfbnhj4cxmguyvlby6w3eyrx7cuba"
          },
          "sensitive_attributes": [],
          "private": "eyJlMmJmYjczMC1lY2FhLTExZTYtOGY4OC0zNDM2M2JjN2M0YzAiOnsiY3JlYXRlIjoxMjAwMDAwMDAwMDAwLCJkZWxldGUiOjEyMDAwMDAwMDAwMDAsInVwZGF0ZSI6MTIwMDAwMDAwMDAwMH19",
          "dependencies": [
            "oci_core_internet_gateway.internet_gateway",
            "oci_core_vcn.vcn"
          ]
        }
      ]
    },
    {
      "mode": "managed",
      "type": "oci_core_security_list",
      "name": "security_list_app_private",
      "provider": "provider[\"registry.terraform.io/hashicorp/oci\"]",
      "instances": [
        {
          "schema_version": 0,
          "attributes": {
            "compartment_id": "ocid1.compartment.oc1..aaaaaaaaxbfvndp2kg4zq64k4di7iyhstb2hg7yiwjrksexljoz4p5pti7sq",
            "defined_tags": {
              "Oracle-Tags.CreatedBy": "oracleidentitycloudservice/shadab.mohammad@oracle.com",
              "Oracle-Tags.CreatedOn": "2021-07-23T04:18:53.568Z"
            },
            "display_name": "DEV_APP_Private_Subnet_SL",
            "egress_security_rules": [
              {
                "description": "",
                "destination": "0.0.0.0/0",
                "destination_type": "CIDR_BLOCK",
                "icmp_options": [],
                "protocol": "all",
                "stateless": false,
                "tcp_options": [],
                "udp_options": []
              }
            ],
            "freeform_tags": {},
            "id": "ocid1.securitylist.oc1.iad.aaaaaaaasdwi45d62f3mir6vplo733zbcrslecvhfpfpyxz54ntsu24qpduq",
            "ingress_security_rules": [
              {
                "description": "",
                "icmp_options": [
                  {
                    "code": 0,
                    "type": 3
                  }
                ],
                "protocol": "1",
                "source": "0.0.0.0/0",
                "source_type": "CIDR_BLOCK",
                "stateless": false,
                "tcp_options": [],
                "udp_options": []
              },
              {
                "description": "",
                "icmp_options": [
                  {
                    "code": 4,
                    "type": 3
                  }
                ],
                "protocol": "1",
                "source": "0.0.0.0/0",
                "source_type": "CIDR_BLOCK",
                "stateless": false,
                "tcp_options": [],
                "udp_options": []
              },
              {
                "description": "",
                "icmp_options": [],
                "protocol": "6",
                "source": "0.0.0.0/0",
                "source_type": "CIDR_BLOCK",
                "stateless": false,
                "tcp_options": [
                  {
                    "max": 22,
                    "min": 22,
                    "source_port_range": []
                  }
                ],
                "udp_options": []
              },
              {
                "description": "",
                "icmp_options": [],
                "protocol": "6",
                "source": "10.10.1.0/24",
                "source_type": "CIDR_BLOCK",
                "stateless": false,
                "tcp_options": [
                  {
                    "max": null,
                    "min": null,
                    "source_port_range": null
                  }
                ],
                "udp_options": []
              }
            ],
            "state": "AVAILABLE",
            "time_created": "2021-07-23 04:18:53.57 +0000 UTC",
            "timeouts": null,
            "vcn_id": "ocid1.vcn.oc1.iad.amaaaaaaqcins5ya7tjoxv2ngdtzcgejfbnhj4cxmguyvlby6w3eyrx7cuba"
          },
          "sensitive_attributes": [],
          "private": "eyJlMmJmYjczMC1lY2FhLTExZTYtOGY4OC0zNDM2M2JjN2M0YzAiOnsiY3JlYXRlIjoxMjAwMDAwMDAwMDAwLCJkZWxldGUiOjEyMDAwMDAwMDAwMDAsInVwZGF0ZSI6MTIwMDAwMDAwMDAwMH19",
          "dependencies": [
            "oci_core_vcn.vcn"
          ]
        }
      ]
    },
    {
      "mode": "managed",
      "type": "oci_core_security_list",
      "name": "security_list_dev_db_private",
      "provider": "provider[\"registry.terraform.io/hashicorp/oci\"]",
      "instances": [
        {
          "schema_version": 0,
          "attributes": {
            "compartment_id": "ocid1.compartment.oc1..aaaaaaaaxbfvndp2kg4zq64k4di7iyhstb2hg7yiwjrksexljoz4p5pti7sq",
            "defined_tags": {
              "Oracle-Tags.CreatedBy": "oracleidentitycloudservice/shadab.mohammad@oracle.com",
              "Oracle-Tags.CreatedOn": "2021-07-23T04:18:53.751Z"
            },
            "display_name": "DEV_DB_Private_Subnet_SL",
            "egress_security_rules": [
              {
                "description": "",
                "destination": "0.0.0.0/0",
                "destination_type": "CIDR_BLOCK",
                "icmp_options": [],
                "protocol": "all",
                "stateless": false,
                "tcp_options": [],
                "udp_options": []
              }
            ],
            "freeform_tags": {},
            "id": "ocid1.securitylist.oc1.iad.aaaaaaaar5bvkfu6jg5mbmdlsya4bbnzedo44nhb7jlayauva7vpkunc6nda",
            "ingress_security_rules": [
              {
                "description": "",
                "icmp_options": [
                  {
                    "code": 0,
                    "type": 3
                  }
                ],
                "protocol": "1",
                "source": "0.0.0.0/0",
                "source_type": "CIDR_BLOCK",
                "stateless": false,
                "tcp_options": [],
                "udp_options": []
              },
              {
                "description": "",
                "icmp_options": [
                  {
                    "code": 4,
                    "type": 3
                  }
                ],
                "protocol": "1",
                "source": "0.0.0.0/0",
                "source_type": "CIDR_BLOCK",
                "stateless": false,
                "tcp_options": [],
                "udp_options": []
              },
              {
                "description": "",
                "icmp_options": [],
                "protocol": "6",
                "source": "0.0.0.0/0",
                "source_type": "CIDR_BLOCK",
                "stateless": false,
                "tcp_options": [
                  {
                    "max": 22,
                    "min": 22,
                    "source_port_range": []
                  }
                ],
                "udp_options": []
              },
              {
                "description": "",
                "icmp_options": [],
                "protocol": "6",
                "source": "10.10.1.0/24",
                "source_type": "CIDR_BLOCK",
                "stateless": false,
                "tcp_options": [
                  {
                    "max": null,
                    "min": null,
                    "source_port_range": null
                  }
                ],
                "udp_options": []
              },
              {
                "description": "",
                "icmp_options": [],
                "protocol": "6",
                "source": "10.10.3.0/24",
                "source_type": "CIDR_BLOCK",
                "stateless": false,
                "tcp_options": [
                  {
                    "max": 1521,
                    "min": 1521,
                    "source_port_range": []
                  }
                ],
                "udp_options": []
              }
            ],
            "state": "AVAILABLE",
            "time_created": "2021-07-23 04:18:53.754 +0000 UTC",
            "timeouts": null,
            "vcn_id": "ocid1.vcn.oc1.iad.amaaaaaaqcins5ya7tjoxv2ngdtzcgejfbnhj4cxmguyvlby6w3eyrx7cuba"
          },
          "sensitive_attributes": [],
          "private": "eyJlMmJmYjczMC1lY2FhLTExZTYtOGY4OC0zNDM2M2JjN2M0YzAiOnsiY3JlYXRlIjoxMjAwMDAwMDAwMDAwLCJkZWxldGUiOjEyMDAwMDAwMDAwMDAsInVwZGF0ZSI6MTIwMDAwMDAwMDAwMH19",
          "dependencies": [
            "oci_core_vcn.vcn"
          ]
        }
      ]
    },
    {
      "mode": "managed",
      "type": "oci_core_security_list",
      "name": "security_list_dev_public",
      "provider": "provider[\"registry.terraform.io/hashicorp/oci\"]",
      "instances": [
        {
          "schema_version": 0,
          "attributes": {
            "compartment_id": "ocid1.compartment.oc1..aaaaaaaaxbfvndp2kg4zq64k4di7iyhstb2hg7yiwjrksexljoz4p5pti7sq",
            "defined_tags": {
              "Oracle-Tags.CreatedBy": "oracleidentitycloudservice/shadab.mohammad@oracle.com",
              "Oracle-Tags.CreatedOn": "2021-07-23T04:18:53.082Z"
            },
            "display_name": "DEV_Public_Subnet_SL",
            "egress_security_rules": [
              {
                "description": "",
                "destination": "0.0.0.0/0",
                "destination_type": "CIDR_BLOCK",
                "icmp_options": [],
                "protocol": "all",
                "stateless": false,
                "tcp_options": [],
                "udp_options": []
              }
            ],
            "freeform_tags": {},
            "id": "ocid1.securitylist.oc1.iad.aaaaaaaaqfiu4dzhqpda3ogck6x6htr5srj47io3qkxrksyckjc6dcz6wlaq",
            "ingress_security_rules": [
              {
                "description": "",
                "icmp_options": [
                  {
                    "code": 0,
                    "type": 3
                  }
                ],
                "protocol": "1",
                "source": "0.0.0.0/0",
                "source_type": "CIDR_BLOCK",
                "stateless": false,
                "tcp_options": [],
                "udp_options": []
              },
              {
                "description": "",
                "icmp_options": [
                  {
                    "code": 4,
                    "type": 3
                  }
                ],
                "protocol": "1",
                "source": "0.0.0.0/0",
                "source_type": "CIDR_BLOCK",
                "stateless": false,
                "tcp_options": [],
                "udp_options": []
              },
              {
                "description": "",
                "icmp_options": [],
                "protocol": "6",
                "source": "0.0.0.0/0",
                "source_type": "CIDR_BLOCK",
                "stateless": false,
                "tcp_options": [
                  {
                    "max": 22,
                    "min": 22,
                    "source_port_range": []
                  }
                ],
                "udp_options": []
              }
            ],
            "state": "AVAILABLE",
            "time_created": "2021-07-23 04:18:53.11 +0000 UTC",
            "timeouts": null,
            "vcn_id": "ocid1.vcn.oc1.iad.amaaaaaaqcins5ya7tjoxv2ngdtzcgejfbnhj4cxmguyvlby6w3eyrx7cuba"
          },
          "sensitive_attributes": [],
          "private": "eyJlMmJmYjczMC1lY2FhLTExZTYtOGY4OC0zNDM2M2JjN2M0YzAiOnsiY3JlYXRlIjoxMjAwMDAwMDAwMDAwLCJkZWxldGUiOjEyMDAwMDAwMDAwMDAsInVwZGF0ZSI6MTIwMDAwMDAwMDAwMH19",
          "dependencies": [
            "oci_core_vcn.vcn"
          ]
        }
      ]
    },
    {
      "mode": "managed",
      "type": "oci_core_service_gateway",
      "name": "service_gateway",
      "provider": "provider[\"registry.terraform.io/hashicorp/oci\"]",
      "instances": [
        {
          "schema_version": 0,
          "attributes": {
            "block_traffic": false,
            "compartment_id": "ocid1.compartment.oc1..aaaaaaaaxbfvndp2kg4zq64k4di7iyhstb2hg7yiwjrksexljoz4p5pti7sq",
            "defined_tags": {
              "Oracle-Tags.CreatedBy": "oracleidentitycloudservice/shadab.mohammad@oracle.com",
              "Oracle-Tags.CreatedOn": "2021-07-23T04:18:54.313Z"
            },
            "display_name": "XYZ_DEV_Vcn_ServiceGateway",
            "freeform_tags": {},
            "id": "ocid1.servicegateway.oc1.iad.aaaaaaaaaaildgz3b24ffevuam53jegua4bsfbcyphlndrii72ahbtg6wmga",
            "route_table_id": null,
            "services": [
              {
                "service_id": "ocid1.service.oc1.iad.aaaaaaaam4zfmy2rjue6fmglumm3czgisxzrnvrwqeodtztg7hwa272mlfna",
                "service_name": "All IAD Services In Oracle Services Network"
              }
            ],
            "state": "AVAILABLE",
            "time_created": "2021-07-23 04:18:55.051 +0000 UTC",
            "timeouts": null,
            "vcn_id": "ocid1.vcn.oc1.iad.amaaaaaaqcins5ya7tjoxv2ngdtzcgejfbnhj4cxmguyvlby6w3eyrx7cuba"
          },
          "sensitive_attributes": [],
          "private": "eyJlMmJmYjczMC1lY2FhLTExZTYtOGY4OC0zNDM2M2JjN2M0YzAiOnsiY3JlYXRlIjoxMjAwMDAwMDAwMDAwLCJkZWxldGUiOjEyMDAwMDAwMDAwMDAsInVwZGF0ZSI6MTIwMDAwMDAwMDAwMH19",
          "dependencies": [
            "oci_core_vcn.vcn",
            "data.oci_core_services.dev_services"
          ]
        }
      ]
    },
    {
      "mode": "managed",
      "type": "oci_core_subnet",
      "name": "subnet_dev_APP_private",
      "provider": "provider[\"registry.terraform.io/hashicorp/oci\"]",
      "instances": [
        {
          "schema_version": 0,
          "attributes": {
            "availability_domain": null,
            "cidr_block": "10.10.3.0/24",
            "compartment_id": "ocid1.compartment.oc1..aaaaaaaaxbfvndp2kg4zq64k4di7iyhstb2hg7yiwjrksexljoz4p5pti7sq",
            "defined_tags": {
              "Oracle-Tags.CreatedBy": "oracleidentitycloudservice/shadab.mohammad@oracle.com",
              "Oracle-Tags.CreatedOn": "2021-07-23T04:18:57.585Z"
            },
            "dhcp_options_id": "ocid1.dhcpoptions.oc1.iad.aaaaaaaacgnovk7a35d5rcbmztxb44zyw53dcq4jfjw3oq4mzscg2fzedesa",
            "display_name": "DEV_APP_Private_Subnet",
            "dns_label": "devapppvtsubnet",
            "freeform_tags": {},
            "id": "ocid1.subnet.oc1.iad.aaaaaaaatesvhh6it5usj5io3d7cgpc2cpz66oexntd6led5cqg7h56e3wca",
            "ipv6cidr_block": null,
            "ipv6virtual_router_ip": null,
            "prohibit_internet_ingress": true,
            "prohibit_public_ip_on_vnic": true,
            "route_table_id": "ocid1.routetable.oc1.iad.aaaaaaaax2e3ap4orhnyv7w7gwexi2szysut5dyvpey3icjx4pkpn2h5btsa",
            "security_list_ids": [
              "ocid1.securitylist.oc1.iad.aaaaaaaasdwi45d62f3mir6vplo733zbcrslecvhfpfpyxz54ntsu24qpduq"
            ],
            "state": "AVAILABLE",
            "subnet_domain_name": "devapppvtsubnet.datalake.oraclevcn.com",
            "time_created": "2021-07-23 04:18:58.13 +0000 UTC",
            "timeouts": null,
            "vcn_id": "ocid1.vcn.oc1.iad.amaaaaaaqcins5ya7tjoxv2ngdtzcgejfbnhj4cxmguyvlby6w3eyrx7cuba",
            "virtual_router_ip": "10.10.3.1",
            "virtual_router_mac": "00:00:17:00:D2:73"
          },
          "sensitive_attributes": [],
          "private": "eyJlMmJmYjczMC1lY2FhLTExZTYtOGY4OC0zNDM2M2JjN2M0YzAiOnsiY3JlYXRlIjoxMjAwMDAwMDAwMDAwLCJkZWxldGUiOjEyMDAwMDAwMDAwMDAsInVwZGF0ZSI6MTIwMDAwMDAwMDAwMH19",
          "dependencies": [
            "data.oci_core_services.dev_services",
            "oci_core_nat_gateway.nat_gateway",
            "oci_core_route_table.route_table_dev_app_private",
            "oci_core_security_list.security_list_app_private",
            "oci_core_service_gateway.service_gateway",
            "oci_core_vcn.vcn"
          ]
        }
      ]
    },
    {
      "mode": "managed",
      "type": "oci_core_subnet",
      "name": "subnet_dev_DB_private",
      "provider": "provider[\"registry.terraform.io/hashicorp/oci\"]",
      "instances": [
        {
          "schema_version": 0,
          "attributes": {
            "availability_domain": null,
            "cidr_block": "10.10.2.0/24",
            "compartment_id": "ocid1.compartment.oc1..aaaaaaaaxbfvndp2kg4zq64k4di7iyhstb2hg7yiwjrksexljoz4p5pti7sq",
            "defined_tags": {
              "Oracle-Tags.CreatedBy": "oracleidentitycloudservice/shadab.mohammad@oracle.com",
              "Oracle-Tags.CreatedOn": "2021-07-23T04:18:57.589Z"
            },
            "dhcp_options_id": "ocid1.dhcpoptions.oc1.iad.aaaaaaaacgnovk7a35d5rcbmztxb44zyw53dcq4jfjw3oq4mzscg2fzedesa",
            "display_name": "DEV_DB_Private_Subnet",
            "dns_label": "devdbpvtsubnet",
            "freeform_tags": {},
            "id": "ocid1.subnet.oc1.iad.aaaaaaaahgtsdmwnuqfb2iszmpk4tsl6bog3pwm3al6tfn4i23miendgic6a",
            "ipv6cidr_block": null,
            "ipv6virtual_router_ip": null,
            "prohibit_internet_ingress": true,
            "prohibit_public_ip_on_vnic": true,
            "route_table_id": "ocid1.routetable.oc1.iad.aaaaaaaauchnmzifxmxfpzxm3it6sk2blmpmrc3jntgou2qzppueoripeieq",
            "security_list_ids": [
              "ocid1.securitylist.oc1.iad.aaaaaaaar5bvkfu6jg5mbmdlsya4bbnzedo44nhb7jlayauva7vpkunc6nda"
            ],
            "state": "AVAILABLE",
            "subnet_domain_name": "devdbpvtsubnet.datalake.oraclevcn.com",
            "time_created": "2021-07-23 04:18:57.627 +0000 UTC",
            "timeouts": null,
            "vcn_id": "ocid1.vcn.oc1.iad.amaaaaaaqcins5ya7tjoxv2ngdtzcgejfbnhj4cxmguyvlby6w3eyrx7cuba",
            "virtual_router_ip": "10.10.2.1",
            "virtual_router_mac": "00:00:17:00:D2:73"
          },
          "sensitive_attributes": [],
          "private": "eyJlMmJmYjczMC1lY2FhLTExZTYtOGY4OC0zNDM2M2JjN2M0YzAiOnsiY3JlYXRlIjoxMjAwMDAwMDAwMDAwLCJkZWxldGUiOjEyMDAwMDAwMDAwMDAsInVwZGF0ZSI6MTIwMDAwMDAwMDAwMH19",
          "dependencies": [
            "oci_core_vcn.vcn",
            "data.oci_core_services.dev_services",
            "oci_core_nat_gateway.nat_gateway",
            "oci_core_route_table.route_table_dev_db_private",
            "oci_core_security_list.security_list_dev_db_private",
            "oci_core_service_gateway.service_gateway"
          ]
        }
      ]
    },
    {
      "mode": "managed",
      "type": "oci_core_subnet",
      "name": "subnet_dev_public",
      "provider": "provider[\"registry.terraform.io/hashicorp/oci\"]",
      "instances": [
        {
          "schema_version": 0,
          "attributes": {
            "availability_domain": null,
            "cidr_block": "10.10.1.0/24",
            "compartment_id": "ocid1.compartment.oc1..aaaaaaaaxbfvndp2kg4zq64k4di7iyhstb2hg7yiwjrksexljoz4p5pti7sq",
            "defined_tags": {
              "Oracle-Tags.CreatedBy": "oracleidentitycloudservice/shadab.mohammad@oracle.com",
              "Oracle-Tags.CreatedOn": "2021-07-23T04:18:55.991Z"
            },
            "dhcp_options_id": "ocid1.dhcpoptions.oc1.iad.aaaaaaaacgnovk7a35d5rcbmztxb44zyw53dcq4jfjw3oq4mzscg2fzedesa",
            "display_name": "DEV_Public_Subnet",
            "dns_label": "devpubsubnet",
            "freeform_tags": {},
            "id": "ocid1.subnet.oc1.iad.aaaaaaaagel5jjm56fjkj35mv4qrz7pcghq3bdlym3lstgt35ytvxnju4shq",
            "ipv6cidr_block": null,
            "ipv6virtual_router_ip": null,
            "prohibit_internet_ingress": false,
            "prohibit_public_ip_on_vnic": false,
            "route_table_id": "ocid1.routetable.oc1.iad.aaaaaaaavt3kgb75c4kxxehvkxmcu63v7yw6eerzfb4lz5rm3rbatr35f7wq",
            "security_list_ids": [
              "ocid1.securitylist.oc1.iad.aaaaaaaaqfiu4dzhqpda3ogck6x6htr5srj47io3qkxrksyckjc6dcz6wlaq"
            ],
            "state": "AVAILABLE",
            "subnet_domain_name": "devpubsubnet.datalake.oraclevcn.com",
            "time_created": "2021-07-23 04:18:56.024 +0000 UTC",
            "timeouts": null,
            "vcn_id": "ocid1.vcn.oc1.iad.amaaaaaaqcins5ya7tjoxv2ngdtzcgejfbnhj4cxmguyvlby6w3eyrx7cuba",
            "virtual_router_ip": "10.10.1.1",
            "virtual_router_mac": "00:00:17:00:D2:73"
          },
          "sensitive_attributes": [],
          "private": "eyJlMmJmYjczMC1lY2FhLTExZTYtOGY4OC0zNDM2M2JjN2M0YzAiOnsiY3JlYXRlIjoxMjAwMDAwMDAwMDAwLCJkZWxldGUiOjEyMDAwMDAwMDAwMDAsInVwZGF0ZSI6MTIwMDAwMDAwMDAwMH19",
          "dependencies": [
            "oci_core_security_list.security_list_dev_public",
            "oci_core_vcn.vcn",
            "oci_core_internet_gateway.internet_gateway",
            "oci_core_route_table.route_table_dev_public"
          ]
        }
      ]
    },
    {
      "mode": "managed",
      "type": "oci_core_vcn",
      "name": "vcn",
      "provider": "provider[\"registry.terraform.io/hashicorp/oci\"]",
      "instances": [
        {
          "schema_version": 0,
          "attributes": {
            "cidr_block": "10.10.0.0/16",
            "cidr_blocks": [
              "10.10.0.0/16"
            ],
            "compartment_id": "ocid1.compartment.oc1..aaaaaaaaxbfvndp2kg4zq64k4di7iyhstb2hg7yiwjrksexljoz4p5pti7sq",
            "default_dhcp_options_id": "ocid1.dhcpoptions.oc1.iad.aaaaaaaacgnovk7a35d5rcbmztxb44zyw53dcq4jfjw3oq4mzscg2fzedesa",
            "default_route_table_id": "ocid1.routetable.oc1.iad.aaaaaaaa6pfk5iifstwiu6repqpxpr3jmb47y4zzlhebu5ksuggq3bxtacla",
            "default_security_list_id": "ocid1.securitylist.oc1.iad.aaaaaaaa2ubaxsajejzcy647q2mjbgyxekddksrbudro7ztewtk73d4bgzkq",
            "defined_tags": {
              "Oracle-Tags.CreatedBy": "oracleidentitycloudservice/shadab.mohammad@oracle.com",
              "Oracle-Tags.CreatedOn": "2021-07-23T04:18:51.071Z"
            },
            "display_name": "XYZ_DEV_Vcn",
            "dns_label": "datalake",
            "freeform_tags": {},
            "id": "ocid1.vcn.oc1.iad.amaaaaaaqcins5ya7tjoxv2ngdtzcgejfbnhj4cxmguyvlby6w3eyrx7cuba",
            "ipv6cidr_blocks": [],
            "is_ipv6enabled": false,
            "state": "AVAILABLE",
            "time_created": "2021-07-23 04:18:51.076 +0000 UTC",
            "timeouts": null,
            "vcn_domain_name": "datalake.oraclevcn.com"
          },
          "sensitive_attributes": [],
          "private": "eyJlMmJmYjczMC1lY2FhLTExZTYtOGY4OC0zNDM2M2JjN2M0YzAiOnsiY3JlYXRlIjoxMjAwMDAwMDAwMDAwLCJkZWxldGUiOjEyMDAwMDAwMDAwMDAsInVwZGF0ZSI6MTIwMDAwMDAwMDAwMH19"
        }
      ]
    },
    {
      "mode": "managed",
      "type": "oci_database_autonomous_database",
      "name": "autonomous_data_warehouse",
      "provider": "provider[\"registry.terraform.io/hashicorp/oci\"]",
      "instances": [
        {
          "schema_version": 0,
          "attributes": {
            "admin_password": "3f\u0026N4VbY\u003esoB53=X",
            "apex_details": [
              {
                "apex_version": "20.2.0.00.20",
                "ords_version": "21.2.1.181.0913"
              }
            ],
            "are_primary_whitelisted_ips_used": null,
            "autonomous_container_database_id": null,
            "autonomous_database_backup_id": null,
            "autonomous_database_id": null,
            "available_upgrade_versions": [],
            "backup_config": [
              {
                "manual_backup_bucket_name": "",
                "manual_backup_type": "NONE"
              }
            ],
            "clone_type": null,
            "compartment_id": "ocid1.compartment.oc1..aaaaaaaaxbfvndp2kg4zq64k4di7iyhstb2hg7yiwjrksexljoz4p5pti7sq",
            "connection_strings": [
              {
                "all_connection_strings": {
                  "HIGH": "adb.us-ashburn-1.oraclecloud.com:1522/eosql5wqpgxexni_adbdw1f_high.adb.oraclecloud.com",
                  "LOW": "adb.us-ashburn-1.oraclecloud.com:1522/eosql5wqpgxexni_adbdw1f_low.adb.oraclecloud.com",
                  "MEDIUM": "adb.us-ashburn-1.oraclecloud.com:1522/eosql5wqpgxexni_adbdw1f_medium.adb.oraclecloud.com"
                },
                "dedicated": "",
                "high": "adb.us-ashburn-1.oraclecloud.com:1522/eosql5wqpgxexni_adbdw1f_high.adb.oraclecloud.com",
                "low": "adb.us-ashburn-1.oraclecloud.com:1522/eosql5wqpgxexni_adbdw1f_low.adb.oraclecloud.com",
                "medium": "adb.us-ashburn-1.oraclecloud.com:1522/eosql5wqpgxexni_adbdw1f_medium.adb.oraclecloud.com"
              }
            ],
            "connection_urls": [
              {
                "apex_url": "https://EOSQL5WQPGXEXNI-ADBDW1F.adb.us-ashburn-1.oraclecloudapps.com/ords/apex",
                "graph_studio_url": "https://EOSQL5WQPGXEXNI-ADBDW1F.adb.us-ashburn-1.oraclecloudapps.com/graphstudio/",
                "machine_learning_user_management_url": "https://adb.us-ashburn-1.oraclecloud.com/omlusers/tenants/OCID1.TENANCY.OC1..AAAAAAAAWDOUBEEUDTHB3DEDFKMXW5ONG4NQ66KYORYCB6LRA7W2BQQ2TXFA/databases/ADBDW1F/index.html",
                "sql_dev_web_url": "https://EOSQL5WQPGXEXNI-ADBDW1F.adb.us-ashburn-1.oraclecloudapps.com/ords/sql-developer"
              }
            ],
            "cpu_core_count": 1,
            "customer_contacts": [],
            "data_safe_status": "NOT_REGISTERED",
            "data_storage_size_in_gb": 1024,
            "data_storage_size_in_tbs": 1,
            "db_name": "adbdw1f",
            "db_version": "19c",
            "db_workload": "DW",
            "defined_tags": {
              "Oracle-Tags.CreatedBy": "oracleidentitycloudservice/shadab.mohammad@oracle.com",
              "Oracle-Tags.CreatedOn": "2021-07-21T09:06:32.029Z"
            },
            "display_name": "datalake_autonomous_dwh",
            "failed_data_recovery_in_seconds": null,
            "freeform_tags": {
              "Department": "Finance"
            },
            "id": "ocid1.autonomousdatabase.oc1.iad.abuwcljspaeucvx3uuoqtzfppf4gnmleamhoiwmzwyhx5irbzpu2uti44mca",
            "infrastructure_type": "",
            "is_access_control_enabled": null,
            "is_auto_scaling_enabled": false,
            "is_data_guard_enabled": false,
            "is_dedicated": false,
            "is_free_tier": false,
            "is_preview": false,
            "is_preview_version_with_service_terms_accepted": null,
            "is_refreshable_clone": null,
            "key_history_entry": [
              {
                "id": "ORACLE_MANAGED_KEY",
                "time_activated": "2021-07-21 09:07:49.893 +0000 UTC",
                "vault_id": ""
              }
            ],
            "key_store_id": null,
            "key_store_wallet_name": null,
            "kms_key_id": "ORACLE_MANAGED_KEY",
            "kms_key_lifecycle_details": null,
            "license_model": "LICENSE_INCLUDED",
            "lifecycle_details": "The Autonomous Database operation failed due to an unknown error. Refer to JobId (no job yet) and WorkRequestId 48cc831d-dc43-4958-bdbd-8ec47fe482ce when opening a Service Request at My Oracle Support.",
            "nsg_ids": [],
            "ocpu_count": null,
            "open_mode": "READ_WRITE",
            "operations_insights_status": "NOT_ENABLED",
            "permission_level": "UNRESTRICTED",
            "private_endpoint": null,
            "private_endpoint_ip": null,
            "private_endpoint_label": null,
            "refreshable_mode": null,
            "refreshable_status": "",
            "role": "",
            "rotate_key_trigger": null,
            "service_console_url": "https://adb.us-ashburn-1.oraclecloud.com/console/index.html?tenant_name=OCID1.TENANCY.OC1..AAAAAAAAWDOUBEEUDTHB3DEDFKMXW5ONG4NQ66KYORYCB6LRA7W2BQQ2TXFA\u0026database_name=ADBDW1F\u0026service_type=ADW",
            "source": null,
            "source_id": null,
            "standby_db": [],
            "standby_whitelisted_ips": [],
            "state": "TERMINATING",
            "subnet_id": null,
            "switchover_to": null,
            "system_tags": {},
            "time_created": "2021-07-21 09:06:32.033 +0000 UTC",
            "time_deletion_of_free_autonomous_database": null,
            "time_maintenance_begin": "2021-07-25 06:00:00 +0000 UTC",
            "time_maintenance_end": "2021-07-25 22:00:00 +0000 UTC",
            "time_of_last_failover": null,
            "time_of_last_refresh": null,
            "time_of_last_refresh_point": null,
            "time_of_last_switchover": null,
            "time_of_next_refresh": null,
            "time_reclamation_of_free_autonomous_database": null,
            "timeouts": null,
            "timestamp": null,
            "used_data_storage_size_in_tbs": 1,
            "vault_id": null,
            "whitelisted_ips": [
              "10.10.0.0/16"
            ]
          },
          "sensitive_attributes": [],
          "private": "eyJlMmJmYjczMC1lY2FhLTExZTYtOGY4OC0zNDM2M2JjN2M0YzAiOnsiY3JlYXRlIjo0MzIwMDAwMDAwMDAwMCwiZGVsZXRlIjo0MzIwMDAwMDAwMDAwMCwidXBkYXRlIjo0MzIwMDAwMDAwMDAwMH19",
          "dependencies": [
            "random_string.autonomous_data_warehouse_admin_password"
          ]
        }
      ]
    },
    {
      "mode": "managed",
      "type": "oci_database_db_system",
      "name": "dev_db_system",
      "provider": "provider[\"registry.terraform.io/hashicorp/oci\"]",
      "instances": [
        {
          "schema_version": 0,
          "attributes": {
            "availability_domain": "pSSn:US-ASHBURN-AD-1",
            "backup_network_nsg_ids": null,
            "backup_subnet_id": null,
            "cluster_name": null,
            "compartment_id": "ocid1.compartment.oc1..aaaaaaaaxbfvndp2kg4zq64k4di7iyhstb2hg7yiwjrksexljoz4p5pti7sq",
            "cpu_core_count": 1,
            "data_storage_percentage": 80,
            "data_storage_size_in_gb": 256,
            "database_edition": "ENTERPRISE_EDITION",
            "db_home": [
              {
                "create_async": false,
                "database": [
                  {
                    "admin_password": "RAbbithole1234#_",
                    "backup_id": "",
                    "backup_tde_password": "",
                    "character_set": "AL32UTF8",
                    "connection_strings": [
                      {
                        "all_connection_strings": {
                          "cdbDefault": "devdldb.devdbpvtsubnet.datalake.oraclevcn.com:1521/DEVDB_iad1gp.devdbpvtsubnet.datalake.oraclevcn.com",
                          "cdbIpDefault": "(DESCRIPTION=(CONNECT_TIMEOUT=5)(TRANSPORT_CONNECT_TIMEOUT=3)(RETRY_COUNT=3)(ADDRESS_LIST=(LOAD_BALANCE=on)(ADDRESS=(PROTOCOL=TCP)(HOST=10.10.2.210)(PORT=1521)))(CONNECT_DATA=(SERVICE_NAME=DEVDB_iad1gp.devdbpvtsubnet.datalake.oraclevcn.com)))"
                        },
                        "cdb_default": "devdldb.devdbpvtsubnet.datalake.oraclevcn.com:1521/DEVDB_iad1gp.devdbpvtsubnet.datalake.oraclevcn.com",
                        "cdb_ip_default": "(DESCRIPTION=(CONNECT_TIMEOUT=5)(TRANSPORT_CONNECT_TIMEOUT=3)(RETRY_COUNT=3)(ADDRESS_LIST=(LOAD_BALANCE=on)(ADDRESS=(PROTOCOL=TCP)(HOST=10.10.2.210)(PORT=1521)))(CONNECT_DATA=(SERVICE_NAME=DEVDB_iad1gp.devdbpvtsubnet.datalake.oraclevcn.com)))"
                      }
                    ],
                    "database_id": "",
                    "database_software_image_id": "",
                    "db_backup_config": [],
                    "db_domain": "",
                    "db_name": "DEVDB",
                    "db_unique_name": "DEVDB_iad1gp",
                    "db_workload": "OLTP",
                    "defined_tags": {
                      "Oracle-Tags.CreatedBy": "oracleidentitycloudservice/shadab.mohammad@oracle.com",
                      "Oracle-Tags.CreatedOn": "2021-07-23T04:19:03.967Z"
                    },
                    "freeform_tags": {},
                    "id": "ocid1.database.oc1.iad.anuwcljsqcins5ya52giwnu7ucmlponpucgd4zzhgyjx2wgbdl4r3yu672ga",
                    "lifecycle_details": "",
                    "ncharacter_set": "AL16UTF16",
                    "pdb_name": "PDB1",
                    "state": "AVAILABLE",
                    "tde_wallet_password": "",
                    "time_created": "2021-07-23 04:19:04.726 +0000 UTC",
                    "time_stamp_for_point_in_time_recovery": ""
                  }
                ],
                "database_software_image_id": "",
                "db_home_location": "",
                "db_version": "19.11.0.0.0",
                "defined_tags": {},
                "display_name": "DEV_DL_DB",
                "freeform_tags": {},
                "id": "ocid1.dbhome.oc1.iad.anuwcljsfxgomtaav64yg6ofqvh7aouglxgzabxdv37pnvjx4rsgnu3m3snq",
                "last_patch_history_entry_id": "",
                "lifecycle_details": "",
                "state": "AVAILABLE",
                "time_created": "2021-07-23 04:19:04.723 +0000 UTC"
              }
            ],
            "db_system_options": [
              {
                "storage_management": "LVM"
              }
            ],
            "defined_tags": {
              "Oracle-Tags.CreatedBy": "oracleidentitycloudservice/shadab.mohammad@oracle.com",
              "Oracle-Tags.CreatedOn": "2021-07-23T04:19:02.204Z"
            },
            "disk_redundancy": "HIGH",
            "display_name": "DEV_DL_DB",
            "domain": "devdbpvtsubnet.datalake.oraclevcn.com",
            "fault_domains": [
              "FAULT-DOMAIN-2"
            ],
            "freeform_tags": {},
            "hostname": "devdldb",
            "id": "ocid1.dbsystem.oc1.iad.anuwcljsqcins5ya4tu7pmratv5facsworcbye2iezw3ut4n5vqojt67fqpq",
            "iorm_config_cache": [],
            "kms_key_id": null,
            "kms_key_version_id": null,
            "last_maintenance_run_id": null,
            "last_patch_history_entry_id": null,
            "license_model": "LICENSE_INCLUDED",
            "lifecycle_details": null,
            "listener_port": 1521,
            "maintenance_window": [],
            "maintenance_window_details": [],
            "next_maintenance_run_id": null,
            "node_count": 1,
            "nsg_ids": null,
            "point_in_time_data_disk_clone_timestamp": null,
            "private_ip": null,
            "reco_storage_size_in_gb": 256,
            "scan_dns_name": null,
            "scan_dns_record_id": null,
            "scan_ip_ids": [],
            "shape": "VM.Standard2.1",
            "source": "NONE",
            "source_db_system_id": null,
            "sparse_diskgroup": null,
            "ssh_public_keys": [
              "ssh-rsa AAAAB3NzaC1yc2EAAAABIwAAAQEAs4f9ua0AU3U08s3s7D75Z7gUkmV0WgAYL7bdolT4r/N98uGXgaa6t4AYN+wKN0gdnjbEWunmoPf0ico8Trqlto8Vdp52DlvOjMZ/26KdJu8b0ytzV/MDO8RZhmL7A/Cwcr9VcPoRoGpfY/PExMGZUXBT7XOQ+ModkkhjCCyLebnMhE7Dv8HjqGnQI9jxob/DhZ0M8Xz9j9OUK82cTUCwtRULYXRx2h9vL5wHp7HZIddNjdnssXADVBVbzerO4S7aRaKfdIEaZu8JL4JYoDrtxv/sWRB3IdSTgYco6augNcTTdkDefn+Qr2dLZFSvcqSY8lP6Tz+/Yp3SLCeWKys+xQ== shadab"
            ],
            "state": "AVAILABLE",
            "subnet_id": "ocid1.subnet.oc1.iad.aaaaaaaahgtsdmwnuqfb2iszmpk4tsl6bog3pwm3al6tfn4i23miendgic6a",
            "time_created": "2021-07-23 04:19:04.72 +0000 UTC",
            "time_zone": "UTC",
            "timeouts": null,
            "version": null,
            "vip_ids": [],
            "zone_id": null
          },
          "sensitive_attributes": [],
          "private": "eyJlMmJmYjczMC1lY2FhLTExZTYtOGY4OC0zNDM2M2JjN2M0YzAiOnsiY3JlYXRlIjowLCJkZWxldGUiOjcyMDAwMDAwMDAwMDAsInVwZGF0ZSI6NzIwMDAwMDAwMDAwMH19",
          "dependencies": [
            "data.oci_core_services.dev_services",
            "oci_core_nat_gateway.nat_gateway",
            "oci_core_route_table.route_table_dev_db_private",
            "oci_core_security_list.security_list_dev_db_private",
            "oci_core_service_gateway.service_gateway",
            "oci_core_subnet.subnet_dev_DB_private",
            "oci_core_vcn.vcn"
          ]
        }
      ]
    },
    {
      "mode": "managed",
      "type": "oci_datacatalog_catalog",
      "name": "export_OCIDataLake_DataCatalog",
      "provider": "provider[\"registry.terraform.io/hashicorp/oci\"]",
      "instances": [
        {
          "schema_version": 0,
          "attributes": {
            "attached_catalog_private_endpoints": [],
            "compartment_id": "ocid1.compartment.oc1..aaaaaaaaxbfvndp2kg4zq64k4di7iyhstb2hg7yiwjrksexljoz4p5pti7sq",
            "defined_tags": {
              "Oracle-Tags.CreatedBy": "oracleidentitycloudservice/shadab.mohammad@oracle.com",
              "Oracle-Tags.CreatedOn": "2021-07-23T04:18:50.941Z"
            },
            "display_name": "OCIDataLake_DataCatalog",
            "freeform_tags": {},
            "id": "ocid1.datacatalog.oc1.iad.amaaaaaa7ratczia7hkhg6vukqu7tl5427mic3antv6rql5m3rsez3ieeqoq",
            "lifecycle_details": "Catalog Created",
            "number_of_objects": 0,
            "service_api_url": "https://datacatalog.us-ashburn-1.oci.oraclecloud.com/20190325/catalogs/ocid1.datacatalog.oc1.iad.amaaaaaa7ratczia7hkhg6vukqu7tl5427mic3antv6rql5m3rsez3ieeqoq",
            "service_console_url": "https://console.us-ashburn-1.oraclecloud.com/datacatalogexplorer/ocid1.datacatalog.oc1.iad.amaaaaaa7ratczia7hkhg6vukqu7tl5427mic3antv6rql5m3rsez3ieeqoq",
            "state": "ACTIVE",
            "time_created": "2021-07-23 04:18:51.178 +0000 UTC",
            "time_updated": "2021-07-23 04:18:51.178 +0000 UTC",
            "timeouts": null
          },
          "sensitive_attributes": [],
          "private": "eyJlMmJmYjczMC1lY2FhLTExZTYtOGY4OC0zNDM2M2JjN2M0YzAiOnsiY3JlYXRlIjoxMjAwMDAwMDAwMDAwLCJkZWxldGUiOjEyMDAwMDAwMDAwMDAsInVwZGF0ZSI6MTIwMDAwMDAwMDAwMH19"
        }
      ]
    },
    {
      "mode": "managed",
      "type": "oci_dataflow_application",
      "name": "tf_application",
      "provider": "provider[\"registry.terraform.io/hashicorp/oci\"]",
      "instances": [
        {
          "schema_version": 0,
          "attributes": {
            "archive_uri": "",
            "arguments": [],
            "class_name": "",
            "compartment_id": "ocid1.compartment.oc1..aaaaaaaaxbfvndp2kg4zq64k4di7iyhstb2hg7yiwjrksexljoz4p5pti7sq",
            "configuration": {},
            "defined_tags": {
              "Oracle-Tags.CreatedBy": "oracleidentitycloudservice/shadab.mohammad@oracle.com",
              "Oracle-Tags.CreatedOn": "2021-07-23T04:18:53.501Z"
            },
            "description": null,
            "display_name": "Datalake_Example_App",
            "driver_shape": "VM.Standard2.1",
            "execute": null,
            "executor_shape": "VM.Standard2.1",
            "file_uri": "oci://dataflow-logs@idmldytingzx/testfile.py",
            "freeform_tags": {},
            "id": "ocid1.dataflowapplication.oc1.iad.anuwcljrqcins5ya5v22sodpf246cie4dnlmgz4poym7ecji4koks3a7t4yq",
            "language": "PYTHON",
            "logs_bucket_uri": "oci://dataflow-logs@idmldytingzx/",
            "num_executors": 1,
            "owner_principal_id": "ocid1.user.oc1..aaaaaaaavllybhr5mir7r4az2en4aieoftwg6yhu4oa4chbyy753jyodwf3a",
            "owner_user_name": "oracleidentitycloudservice/shadab.mohammad@oracle.com",
            "parameters": [],
            "private_endpoint_id": null,
            "spark_version": "2.4",
            "state": "ACTIVE",
            "time_created": "2021-07-23 04:18:54.547 +0000 UTC",
            "time_updated": "2021-07-23 04:18:54.547 +0000 UTC",
            "timeouts": null,
            "warehouse_bucket_uri": null
          },
          "sensitive_attributes": [],
          "private": "eyJlMmJmYjczMC1lY2FhLTExZTYtOGY4OC0zNDM2M2JjN2M0YzAiOnsiY3JlYXRlIjoxMjAwMDAwMDAwMDAwLCJkZWxldGUiOjEyMDAwMDAwMDAwMDAsInVwZGF0ZSI6MTIwMDAwMDAwMDAwMH19",
          "dependencies": [
            "data.oci_objectstorage_namespace.export_namespace"
          ]
        }
      ]
    },
    {
      "mode": "managed",
      "type": "oci_dataintegration_workspace",
      "name": "export_DataIntegration_OCIWorkspace",
      "provider": "provider[\"registry.terraform.io/hashicorp/oci\"]",
      "instances": [
        {
          "schema_version": 0,
          "attributes": {
            "compartment_id": "ocid1.compartment.oc1..aaaaaaaaxbfvndp2kg4zq64k4di7iyhstb2hg7yiwjrksexljoz4p5pti7sq",
            "defined_tags": {
              "Oracle-Tags.CreatedBy": "oracleidentitycloudservice/shadab.mohammad@oracle.com",
              "Oracle-Tags.CreatedOn": "2021-07-23T04:19:01.620Z"
            },
            "description": null,
            "display_name": "DataIntegration_OCIWorkspace",
            "dns_server_ip": null,
            "dns_server_zone": null,
            "freeform_tags": {},
            "id": "ocid1.disworkspace.oc1.iad.amaaaaaaqcins5yaisgtajxlw6hn3wv6q6cqaa5luld7sxdvhajtf5foo7eq",
            "is_force_operation": null,
            "is_private_network_enabled": true,
            "quiesce_timeout": null,
            "state": "ACTIVE",
            "state_message": "Container Creation Succeeded",
            "subnet_id": "ocid1.subnet.oc1.iad.aaaaaaaahgtsdmwnuqfb2iszmpk4tsl6bog3pwm3al6tfn4i23miendgic6a",
            "time_created": "2021-07-23 04:19:02.338 +0000 UTC",
            "time_updated": "2021-07-23 07:00:00 +0000 UTC",
            "timeouts": null,
            "vcn_id": "ocid1.vcn.oc1.iad.amaaaaaaqcins5ya7tjoxv2ngdtzcgejfbnhj4cxmguyvlby6w3eyrx7cuba"
          },
          "sensitive_attributes": [],
          "private": "eyJlMmJmYjczMC1lY2FhLTExZTYtOGY4OC0zNDM2M2JjN2M0YzAiOnsiY3JlYXRlIjozNjAwMDAwMDAwMDAwLCJkZWxldGUiOjM2MDAwMDAwMDAwMDAsInVwZGF0ZSI6MzYwMDAwMDAwMDAwMH19",
          "dependencies": [
            "oci_core_security_list.security_list_dev_db_private",
            "oci_core_service_gateway.service_gateway",
            "oci_core_subnet.subnet_dev_DB_private",
            "oci_core_vcn.vcn",
            "data.oci_core_services.dev_services",
            "oci_core_nat_gateway.nat_gateway",
            "oci_core_route_table.route_table_dev_db_private"
          ]
        }
      ]
    },
    {
      "mode": "managed",
      "type": "oci_datascience_project",
      "name": "datalake_project",
      "provider": "provider[\"registry.terraform.io/hashicorp/oci\"]",
      "instances": [
        {
          "schema_version": 0,
          "attributes": {
            "compartment_id": "ocid1.compartment.oc1..aaaaaaaaxbfvndp2kg4zq64k4di7iyhstb2hg7yiwjrksexljoz4p5pti7sq",
            "created_by": "ocid1.user.oc1..aaaaaaaavllybhr5mir7r4az2en4aieoftwg6yhu4oa4chbyy753jyodwf3a",
            "defined_tags": {
              "Oracle-Tags.CreatedBy": "oracleidentitycloudservice/shadab.mohammad@oracle.com",
              "Oracle-Tags.CreatedOn": "2021-07-23T04:18:50.965Z"
            },
            "description": null,
            "display_name": "DataScienceProject_DL",
            "freeform_tags": {},
            "id": "ocid1.datascienceproject.oc1.iad.amaaaaaaqcins5yah2374oeuhwi5w7gaxfhcqwh45p4snarzrvrka4s2m7cq",
            "state": "ACTIVE",
            "time_created": "2021-07-23 04:18:51.058 +0000 UTC",
            "timeouts": null
          },
          "sensitive_attributes": [],
          "private": "eyJlMmJmYjczMC1lY2FhLTExZTYtOGY4OC0zNDM2M2JjN2M0YzAiOnsiY3JlYXRlIjoxMjAwMDAwMDAwMDAwLCJkZWxldGUiOjEyMDAwMDAwMDAwMDAsInVwZGF0ZSI6MTIwMDAwMDAwMDAwMH19"
        }
      ]
    },
    {
      "mode": "managed",
      "type": "oci_golden_gate_deployment",
      "name": "test_deployment",
      "provider": "provider[\"registry.terraform.io/hashicorp/oci\"]",
      "instances": [
        {
          "schema_version": 0,
          "attributes": {
            "compartment_id": "ocid1.compartment.oc1..aaaaaaaaxbfvndp2kg4zq64k4di7iyhstb2hg7yiwjrksexljoz4p5pti7sq",
            "cpu_core_count": 1,
            "defined_tags": {
              "Oracle-Tags.CreatedBy": "oracleidentitycloudservice/shadab.mohammad@oracle.com",
              "Oracle-Tags.CreatedOn": "2021-07-23T04:19:01.612Z"
            },
            "deployment_backup_id": null,
            "deployment_type": "OGG",
            "deployment_url": "https://fqdn.ggs.com/",
            "description": "description",
            "display_name": "GoldenGate_DL",
            "fqdn": "fqdn.ggs.com",
            "freeform_tags": {
              "bar-key": "value"
            },
            "id": "ocid1.goldengatedeployment.oc1.iad.amaaaaaaqcins5yab7xhzfzwhmulobctgjxunhbm4y4loajo5cge2pyhetma",
            "is_auto_scaling_enabled": false,
            "is_healthy": false,
            "is_latest_version": true,
            "is_public": false,
            "license_model": "LICENSE_INCLUDED",
            "lifecycle_details": null,
            "nsg_ids": [],
            "ogg_data": [
              {
                "admin_password": "BEstrO0ng_#11",
                "admin_username": "ggadmin",
                "certificate": "certificate",
                "deployment_name": "deployment",
                "key": "key"
              }
            ],
            "private_ip_address": "10.10.2.162",
            "public_ip_address": null,
            "state": "ACTIVE",
            "subnet_id": "ocid1.subnet.oc1.iad.aaaaaaaahgtsdmwnuqfb2iszmpk4tsl6bog3pwm3al6tfn4i23miendgic6a",
            "system_tags": {},
            "time_created": "2021-07-23 04:19:10.628 +0000 UTC",
            "time_updated": "2021-07-23 04:28:16.381 +0000 UTC",
            "timeouts": null
          },
          "sensitive_attributes": [],
          "private": "eyJlMmJmYjczMC1lY2FhLTExZTYtOGY4OC0zNDM2M2JjN2M0YzAiOnsiY3JlYXRlIjo1NDAwMDAwMDAwMDAwLCJkZWxldGUiOjE4MDAwMDAwMDAwMDAsInVwZGF0ZSI6MzYwMDAwMDAwMDAwMH19",
          "dependencies": [
            "oci_core_nat_gateway.nat_gateway",
            "oci_core_route_table.route_table_dev_db_private",
            "oci_core_security_list.security_list_dev_db_private",
            "oci_core_service_gateway.service_gateway",
            "oci_core_subnet.subnet_dev_DB_private",
            "oci_core_vcn.vcn",
            "data.oci_core_services.dev_services"
          ]
        }
      ]
    },
    {
      "mode": "managed",
      "type": "oci_integration_integration_instance",
      "name": "test_integration_instance",
      "provider": "provider[\"registry.terraform.io/hashicorp/oci\"]",
      "instances": [
        {
          "schema_version": 0,
          "attributes": {
            "alternate_custom_endpoints": [],
            "compartment_id": "ocid1.compartment.oc1..aaaaaaaaxbfvndp2kg4zq64k4di7iyhstb2hg7yiwjrksexljoz4p5pti7sq",
            "consumption_model": "UCM",
            "custom_endpoint": [],
            "defined_tags": {
              "Oracle-Tags.CreatedBy": "oracleidentitycloudservice/shadab.mohammad@oracle.com",
              "Oracle-Tags.CreatedOn": "2021-07-23T04:18:53.979Z"
            },
            "display_name": "DatalakeOIC",
            "freeform_tags": {},
            "id": "ocid1.integrationinstance.oc1.iad.amaaaaaaqcins5yarkqi3wsjw32z23olw65qy4wtesfomhekkow7p5s3abqa",
            "idcs_at": "577c05e24f9e43245ff2201a6a3d7d0f",
            "instance_url": "https://datalakeoic-idmldytingzx-ia.integration.ocp.oraclecloud.com/ic/home",
            "integration_instance_type": "STANDARD",
            "is_byol": false,
            "is_file_server_enabled": true,
            "is_visual_builder_enabled": false,
            "message_packs": 1,
            "network_endpoint_details": [
              {
                "allowlisted_http_ips": [
                  "10.10.0.0/16"
                ],
                "allowlisted_http_vcns": [],
                "is_integration_vcn_allowlisted": false,
                "network_endpoint_type": "PUBLIC"
              }
            ],
            "state": "ACTIVE",
            "state_message": null,
            "time_created": "2021-07-23 04:28:13.791 +0000 UTC",
            "time_updated": "2021-07-23 04:28:13.791 +0000 UTC",
            "timeouts": null
          },
          "sensitive_attributes": [],
          "private": "eyJlMmJmYjczMC1lY2FhLTExZTYtOGY4OC0zNDM2M2JjN2M0YzAiOnsiY3JlYXRlIjozNjAwMDAwMDAwMDAwLCJkZWxldGUiOjM2MDAwMDAwMDAwMDAsInVwZGF0ZSI6MzYwMDAwMDAwMDAwMH19"
        }
      ]
    },
    {
      "mode": "managed",
      "type": "oci_objectstorage_bucket",
      "name": "GoldenGate_Bucket",
      "provider": "provider[\"registry.terraform.io/hashicorp/oci\"]",
      "instances": [
        {
          "schema_version": 0,
          "attributes": {
            "access_type": "NoPublicAccess",
            "approximate_count": "0",
            "approximate_size": "0",
            "auto_tiering": "InfrequentAccess",
            "bucket_id": "ocid1.bucket.oc1.iad.aaaaaaaaqxvdylbrybwmch6ehpl7cku5chomwu2n2d4q5wiyioogj6rvuvxa",
            "compartment_id": "ocid1.compartment.oc1..aaaaaaaaxbfvndp2kg4zq64k4di7iyhstb2hg7yiwjrksexljoz4p5pti7sq",
            "created_by": "ocid1.user.oc1..aaaaaaaavllybhr5mir7r4az2en4aieoftwg6yhu4oa4chbyy753jyodwf3a",
            "defined_tags": {
              "Oracle-Tags.CreatedBy": "oracleidentitycloudservice/shadab.mohammad@oracle.com",
              "Oracle-Tags.CreatedOn": "2021-07-23T04:18:50.952Z"
            },
            "etag": "eccf3825-9289-4741-aea6-74164a367755",
            "freeform_tags": {},
            "id": "n/idmldytingzx/b/GoldenGate_Bucket",
            "is_read_only": false,
            "kms_key_id": null,
            "metadata": {},
            "name": "GoldenGate_Bucket",
            "namespace": "idmldytingzx",
            "object_events_enabled": false,
            "object_lifecycle_policy_etag": null,
            "replication_enabled": false,
            "retention_rules": [],
            "storage_tier": "Standard",
            "time_created": "2021-07-23 04:18:50.967 +0000 UTC",
            "timeouts": null,
            "versioning": "Disabled"
          },
          "sensitive_attributes": [],
          "private": "eyJlMmJmYjczMC1lY2FhLTExZTYtOGY4OC0zNDM2M2JjN2M0YzAiOnsiY3JlYXRlIjoxMjAwMDAwMDAwMDAwLCJkZWxldGUiOjEyMDAwMDAwMDAwMDAsInVwZGF0ZSI6MTIwMDAwMDAwMDAwMH19",
          "dependencies": [
            "data.oci_objectstorage_namespace.export_namespace"
          ]
        }
      ]
    },
    {
      "mode": "managed",
      "type": "oci_objectstorage_bucket",
      "name": "export_CleanStaged_Floyd",
      "provider": "provider[\"registry.terraform.io/hashicorp/oci\"]",
      "instances": [
        {
          "schema_version": 0,
          "attributes": {
            "access_type": "NoPublicAccess",
            "approximate_count": "0",
            "approximate_size": "0",
            "auto_tiering": "InfrequentAccess",
            "bucket_id": "ocid1.bucket.oc1.iad.aaaaaaaaewhw4juoxm66k5bisjvbia5yataxeutd52ad5rdi7vl2d2a4s7za",
            "compartment_id": "ocid1.compartment.oc1..aaaaaaaaxbfvndp2kg4zq64k4di7iyhstb2hg7yiwjrksexljoz4p5pti7sq",
            "created_by": "ocid1.user.oc1..aaaaaaaavllybhr5mir7r4az2en4aieoftwg6yhu4oa4chbyy753jyodwf3a",
            "defined_tags": {
              "Oracle-Tags.CreatedBy": "oracleidentitycloudservice/shadab.mohammad@oracle.com",
              "Oracle-Tags.CreatedOn": "2021-07-23T04:18:50.957Z"
            },
            "etag": "23d509b7-ea09-4279-b9f4-93b74d96836f",
            "freeform_tags": {},
            "id": "n/idmldytingzx/b/CleanStaged_Floyd",
            "is_read_only": false,
            "kms_key_id": null,
            "metadata": {},
            "name": "CleanStaged_Floyd",
            "namespace": "idmldytingzx",
            "object_events_enabled": false,
            "object_lifecycle_policy_etag": null,
            "replication_enabled": false,
            "retention_rules": [],
            "storage_tier": "Standard",
            "time_created": "2021-07-23 04:18:50.97 +0000 UTC",
            "timeouts": null,
            "versioning": "Disabled"
          },
          "sensitive_attributes": [],
          "private": "eyJlMmJmYjczMC1lY2FhLTExZTYtOGY4OC0zNDM2M2JjN2M0YzAiOnsiY3JlYXRlIjoxMjAwMDAwMDAwMDAwLCJkZWxldGUiOjEyMDAwMDAwMDAwMDAsInVwZGF0ZSI6MTIwMDAwMDAwMDAwMH19",
          "dependencies": [
            "data.oci_objectstorage_namespace.export_namespace"
          ]
        }
      ]
    },
    {
      "mode": "managed",
      "type": "oci_objectstorage_bucket",
      "name": "export_CleanStaged_Manic",
      "provider": "provider[\"registry.terraform.io/hashicorp/oci\"]",
      "instances": [
        {
          "schema_version": 0,
          "attributes": {
            "access_type": "NoPublicAccess",
            "approximate_count": "0",
            "approximate_size": "0",
            "auto_tiering": "InfrequentAccess",
            "bucket_id": "ocid1.bucket.oc1.iad.aaaaaaaalbl2t2kq6qwj3p44bmwnqjkarfekshxxtqdcfhriixkembegf2mq",
            "compartment_id": "ocid1.compartment.oc1..aaaaaaaaxbfvndp2kg4zq64k4di7iyhstb2hg7yiwjrksexljoz4p5pti7sq",
            "created_by": "ocid1.user.oc1..aaaaaaaavllybhr5mir7r4az2en4aieoftwg6yhu4oa4chbyy753jyodwf3a",
            "defined_tags": {
              "Oracle-Tags.CreatedBy": "oracleidentitycloudservice/shadab.mohammad@oracle.com",
              "Oracle-Tags.CreatedOn": "2021-07-23T04:18:51.758Z"
            },
            "etag": "c51c5393-84b2-4bf9-b7ef-83b0a9f90593",
            "freeform_tags": {},
            "id": "n/idmldytingzx/b/CleanStaged_Manic",
            "is_read_only": false,
            "kms_key_id": null,
            "metadata": {},
            "name": "CleanStaged_Manic",
            "namespace": "idmldytingzx",
            "object_events_enabled": false,
            "object_lifecycle_policy_etag": null,
            "replication_enabled": false,
            "retention_rules": [],
            "storage_tier": "Standard",
            "time_created": "2021-07-23 04:18:51.772 +0000 UTC",
            "timeouts": null,
            "versioning": "Disabled"
          },
          "sensitive_attributes": [],
          "private": "eyJlMmJmYjczMC1lY2FhLTExZTYtOGY4OC0zNDM2M2JjN2M0YzAiOnsiY3JlYXRlIjoxMjAwMDAwMDAwMDAwLCJkZWxldGUiOjEyMDAwMDAwMDAwMDAsInVwZGF0ZSI6MTIwMDAwMDAwMDAwMH19",
          "dependencies": [
            "data.oci_objectstorage_namespace.export_namespace"
          ]
        }
      ]
    },
    {
      "mode": "managed",
      "type": "oci_objectstorage_bucket",
      "name": "export_CleanStaged_Piper",
      "provider": "provider[\"registry.terraform.io/hashicorp/oci\"]",
      "instances": [
        {
          "schema_version": 0,
          "attributes": {
            "access_type": "NoPublicAccess",
            "approximate_count": "0",
            "approximate_size": "0",
            "auto_tiering": "InfrequentAccess",
            "bucket_id": "ocid1.bucket.oc1.iad.aaaaaaaa7wqvobqxthoi7637ufj65am5y37ezbgm72xqmbsvr4zk2tsvayhq",
            "compartment_id": "ocid1.compartment.oc1..aaaaaaaaxbfvndp2kg4zq64k4di7iyhstb2hg7yiwjrksexljoz4p5pti7sq",
            "created_by": "ocid1.user.oc1..aaaaaaaavllybhr5mir7r4az2en4aieoftwg6yhu4oa4chbyy753jyodwf3a",
            "defined_tags": {
              "Oracle-Tags.CreatedBy": "oracleidentitycloudservice/shadab.mohammad@oracle.com",
              "Oracle-Tags.CreatedOn": "2021-07-23T04:18:53.049Z"
            },
            "etag": "8dfcdc64-d870-4923-be27-4f8939846bee",
            "freeform_tags": {},
            "id": "n/idmldytingzx/b/CleanStaged_Piper",
            "is_read_only": false,
            "kms_key_id": null,
            "metadata": {},
            "name": "CleanStaged_Piper",
            "namespace": "idmldytingzx",
            "object_events_enabled": false,
            "object_lifecycle_policy_etag": null,
            "replication_enabled": false,
            "retention_rules": [],
            "storage_tier": "Standard",
            "time_created": "2021-07-23 04:18:53.058 +0000 UTC",
            "timeouts": null,
            "versioning": "Disabled"
          },
          "sensitive_attributes": [],
          "private": "eyJlMmJmYjczMC1lY2FhLTExZTYtOGY4OC0zNDM2M2JjN2M0YzAiOnsiY3JlYXRlIjoxMjAwMDAwMDAwMDAwLCJkZWxldGUiOjEyMDAwMDAwMDAwMDAsInVwZGF0ZSI6MTIwMDAwMDAwMDAwMH19",
          "dependencies": [
            "data.oci_objectstorage_namespace.export_namespace"
          ]
        }
      ]
    },
    {
      "mode": "managed",
      "type": "oci_objectstorage_bucket",
      "name": "export_FinalConsume_Floyd",
      "provider": "provider[\"registry.terraform.io/hashicorp/oci\"]",
      "instances": [
        {
          "schema_version": 0,
          "attributes": {
            "access_type": "NoPublicAccess",
            "approximate_count": "0",
            "approximate_size": "0",
            "auto_tiering": "Disabled",
            "bucket_id": "ocid1.bucket.oc1.iad.aaaaaaaaeoanhw75tt7q6vmssgn2gmvm4qu6y4rg7t6tf4cincbycpvpemuq",
            "compartment_id": "ocid1.compartment.oc1..aaaaaaaaxbfvndp2kg4zq64k4di7iyhstb2hg7yiwjrksexljoz4p5pti7sq",
            "created_by": "ocid1.user.oc1..aaaaaaaavllybhr5mir7r4az2en4aieoftwg6yhu4oa4chbyy753jyodwf3a",
            "defined_tags": {
              "Oracle-Tags.CreatedBy": "oracleidentitycloudservice/shadab.mohammad@oracle.com",
              "Oracle-Tags.CreatedOn": "2021-07-23T04:18:50.999Z"
            },
            "etag": "3a013468-c4fe-4e1e-a18f-ec366bb57fdc",
            "freeform_tags": {},
            "id": "n/idmldytingzx/b/FinalConsume_Floyd",
            "is_read_only": false,
            "kms_key_id": null,
            "metadata": {},
            "name": "FinalConsume_Floyd",
            "namespace": "idmldytingzx",
            "object_events_enabled": false,
            "object_lifecycle_policy_etag": null,
            "replication_enabled": false,
            "retention_rules": [],
            "storage_tier": "Standard",
            "time_created": "2021-07-23 04:18:51.008 +0000 UTC",
            "timeouts": null,
            "versioning": "Enabled"
          },
          "sensitive_attributes": [],
          "private": "eyJlMmJmYjczMC1lY2FhLTExZTYtOGY4OC0zNDM2M2JjN2M0YzAiOnsiY3JlYXRlIjoxMjAwMDAwMDAwMDAwLCJkZWxldGUiOjEyMDAwMDAwMDAwMDAsInVwZGF0ZSI6MTIwMDAwMDAwMDAwMH19",
          "dependencies": [
            "data.oci_objectstorage_namespace.export_namespace"
          ]
        }
      ]
    },
    {
      "mode": "managed",
      "type": "oci_objectstorage_bucket",
      "name": "export_FinalConsume_Manic",
      "provider": "provider[\"registry.terraform.io/hashicorp/oci\"]",
      "instances": [
        {
          "schema_version": 0,
          "attributes": {
            "access_type": "NoPublicAccess",
            "approximate_count": "0",
            "approximate_size": "0",
            "auto_tiering": "Disabled",
            "bucket_id": "ocid1.bucket.oc1.iad.aaaaaaaaxtqd7twk2ejkgtgfhaef47l6ckd5rog7ra3mjx2kh6rwdefkmc6q",
            "compartment_id": "ocid1.compartment.oc1..aaaaaaaaxbfvndp2kg4zq64k4di7iyhstb2hg7yiwjrksexljoz4p5pti7sq",
            "created_by": "ocid1.user.oc1..aaaaaaaavllybhr5mir7r4az2en4aieoftwg6yhu4oa4chbyy753jyodwf3a",
            "defined_tags": {
              "Oracle-Tags.CreatedBy": "oracleidentitycloudservice/shadab.mohammad@oracle.com",
              "Oracle-Tags.CreatedOn": "2021-07-23T04:18:52.821Z"
            },
            "etag": "90782143-d05d-4612-a13b-146c0d7e6336",
            "freeform_tags": {},
            "id": "n/idmldytingzx/b/FinalConsume_Manic",
            "is_read_only": false,
            "kms_key_id": null,
            "metadata": {},
            "name": "FinalConsume_Manic",
            "namespace": "idmldytingzx",
            "object_events_enabled": false,
            "object_lifecycle_policy_etag": null,
            "replication_enabled": false,
            "retention_rules": [],
            "storage_tier": "Standard",
            "time_created": "2021-07-23 04:18:52.833 +0000 UTC",
            "timeouts": null,
            "versioning": "Enabled"
          },
          "sensitive_attributes": [],
          "private": "eyJlMmJmYjczMC1lY2FhLTExZTYtOGY4OC0zNDM2M2JjN2M0YzAiOnsiY3JlYXRlIjoxMjAwMDAwMDAwMDAwLCJkZWxldGUiOjEyMDAwMDAwMDAwMDAsInVwZGF0ZSI6MTIwMDAwMDAwMDAwMH19",
          "dependencies": [
            "data.oci_objectstorage_namespace.export_namespace"
          ]
        }
      ]
    },
    {
      "mode": "managed",
      "type": "oci_objectstorage_bucket",
      "name": "export_FinalConsume_Piper",
      "provider": "provider[\"registry.terraform.io/hashicorp/oci\"]",
      "instances": [
        {
          "schema_version": 0,
          "attributes": {
            "access_type": "NoPublicAccess",
            "approximate_count": "0",
            "approximate_size": "0",
            "auto_tiering": "Disabled",
            "bucket_id": "ocid1.bucket.oc1.iad.aaaaaaaatu4ddcto5vvaujuie45gcp2ax22uopjgfiy2gcnmuwmf755kmyxq",
            "compartment_id": "ocid1.compartment.oc1..aaaaaaaaxbfvndp2kg4zq64k4di7iyhstb2hg7yiwjrksexljoz4p5pti7sq",
            "created_by": "ocid1.user.oc1..aaaaaaaavllybhr5mir7r4az2en4aieoftwg6yhu4oa4chbyy753jyodwf3a",
            "defined_tags": {
              "Oracle-Tags.CreatedBy": "oracleidentitycloudservice/shadab.mohammad@oracle.com",
              "Oracle-Tags.CreatedOn": "2021-07-23T04:18:50.951Z"
            },
            "etag": "c20ade10-aeba-4fa9-82c3-b1763f82498b",
            "freeform_tags": {},
            "id": "n/idmldytingzx/b/FinalConsume_Piper",
            "is_read_only": false,
            "kms_key_id": null,
            "metadata": {},
            "name": "FinalConsume_Piper",
            "namespace": "idmldytingzx",
            "object_events_enabled": false,
            "object_lifecycle_policy_etag": null,
            "replication_enabled": false,
            "retention_rules": [],
            "storage_tier": "Standard",
            "time_created": "2021-07-23 04:18:50.964 +0000 UTC",
            "timeouts": null,
            "versioning": "Enabled"
          },
          "sensitive_attributes": [],
          "private": "eyJlMmJmYjczMC1lY2FhLTExZTYtOGY4OC0zNDM2M2JjN2M0YzAiOnsiY3JlYXRlIjoxMjAwMDAwMDAwMDAwLCJkZWxldGUiOjEyMDAwMDAwMDAwMDAsInVwZGF0ZSI6MTIwMDAwMDAwMDAwMH19",
          "dependencies": [
            "data.oci_objectstorage_namespace.export_namespace"
          ]
        }
      ]
    },
    {
      "mode": "managed",
      "type": "oci_objectstorage_bucket",
      "name": "export_RawData_Floyd",
      "provider": "provider[\"registry.terraform.io/hashicorp/oci\"]",
      "instances": [
        {
          "schema_version": 0,
          "attributes": {
            "access_type": "NoPublicAccess",
            "approximate_count": "0",
            "approximate_size": "0",
            "auto_tiering": "Disabled",
            "bucket_id": "ocid1.bucket.oc1.iad.aaaaaaaan4pd7qf2322ezo5dlhqvncbkt2ihv2mf65agnesijtvfz5sb7wla",
            "compartment_id": "ocid1.compartment.oc1..aaaaaaaaxbfvndp2kg4zq64k4di7iyhstb2hg7yiwjrksexljoz4p5pti7sq",
            "created_by": "ocid1.user.oc1..aaaaaaaavllybhr5mir7r4az2en4aieoftwg6yhu4oa4chbyy753jyodwf3a",
            "defined_tags": {
              "Oracle-Tags.CreatedBy": "oracleidentitycloudservice/shadab.mohammad@oracle.com",
              "Oracle-Tags.CreatedOn": "2021-07-23T04:18:51.871Z"
            },
            "etag": "41c69095-453e-4167-9172-d01da8dcb2bb",
            "freeform_tags": {},
            "id": "n/idmldytingzx/b/RawData_Floyd",
            "is_read_only": false,
            "kms_key_id": null,
            "metadata": {},
            "name": "RawData_Floyd",
            "namespace": "idmldytingzx",
            "object_events_enabled": false,
            "object_lifecycle_policy_etag": null,
            "replication_enabled": false,
            "retention_rules": [],
            "storage_tier": "Standard",
            "time_created": "2021-07-23 04:18:51.881 +0000 UTC",
            "timeouts": null,
            "versioning": "Disabled"
          },
          "sensitive_attributes": [],
          "private": "eyJlMmJmYjczMC1lY2FhLTExZTYtOGY4OC0zNDM2M2JjN2M0YzAiOnsiY3JlYXRlIjoxMjAwMDAwMDAwMDAwLCJkZWxldGUiOjEyMDAwMDAwMDAwMDAsInVwZGF0ZSI6MTIwMDAwMDAwMDAwMH19",
          "dependencies": [
            "data.oci_objectstorage_namespace.export_namespace"
          ]
        }
      ]
    },
    {
      "mode": "managed",
      "type": "oci_objectstorage_bucket",
      "name": "export_RawData_Manic",
      "provider": "provider[\"registry.terraform.io/hashicorp/oci\"]",
      "instances": [
        {
          "schema_version": 0,
          "attributes": {
            "access_type": "NoPublicAccess",
            "approximate_count": "0",
            "approximate_size": "0",
            "auto_tiering": "InfrequentAccess",
            "bucket_id": "ocid1.bucket.oc1.iad.aaaaaaaaeivp3tvbytyghuz42c2fgois43v63op5f2zg7jnksbzl4537l45a",
            "compartment_id": "ocid1.compartment.oc1..aaaaaaaaxbfvndp2kg4zq64k4di7iyhstb2hg7yiwjrksexljoz4p5pti7sq",
            "created_by": "ocid1.user.oc1..aaaaaaaavllybhr5mir7r4az2en4aieoftwg6yhu4oa4chbyy753jyodwf3a",
            "defined_tags": {
              "Oracle-Tags.CreatedBy": "oracleidentitycloudservice/shadab.mohammad@oracle.com",
              "Oracle-Tags.CreatedOn": "2021-07-23T04:18:52.113Z"
            },
            "etag": "52082441-935d-4a62-b648-b1ae8b88d7cf",
            "freeform_tags": {},
            "id": "n/idmldytingzx/b/RawData_Manic",
            "is_read_only": false,
            "kms_key_id": null,
            "metadata": {},
            "name": "RawData_Manic",
            "namespace": "idmldytingzx",
            "object_events_enabled": false,
            "object_lifecycle_policy_etag": null,
            "replication_enabled": false,
            "retention_rules": [],
            "storage_tier": "Standard",
            "time_created": "2021-07-23 04:18:52.123 +0000 UTC",
            "timeouts": null,
            "versioning": "Disabled"
          },
          "sensitive_attributes": [],
          "private": "eyJlMmJmYjczMC1lY2FhLTExZTYtOGY4OC0zNDM2M2JjN2M0YzAiOnsiY3JlYXRlIjoxMjAwMDAwMDAwMDAwLCJkZWxldGUiOjEyMDAwMDAwMDAwMDAsInVwZGF0ZSI6MTIwMDAwMDAwMDAwMH19",
          "dependencies": [
            "data.oci_objectstorage_namespace.export_namespace"
          ]
        }
      ]
    },
    {
      "mode": "managed",
      "type": "oci_objectstorage_bucket",
      "name": "export_RawData_Piper",
      "provider": "provider[\"registry.terraform.io/hashicorp/oci\"]",
      "instances": [
        {
          "schema_version": 0,
          "attributes": {
            "access_type": "NoPublicAccess",
            "approximate_count": "0",
            "approximate_size": "0",
            "auto_tiering": "InfrequentAccess",
            "bucket_id": "ocid1.bucket.oc1.iad.aaaaaaaazlj5rg3n5xuy7lnhzontppo7cvqp6amw5ug3xaoggngcu4chcpwq",
            "compartment_id": "ocid1.compartment.oc1..aaaaaaaaxbfvndp2kg4zq64k4di7iyhstb2hg7yiwjrksexljoz4p5pti7sq",
            "created_by": "ocid1.user.oc1..aaaaaaaavllybhr5mir7r4az2en4aieoftwg6yhu4oa4chbyy753jyodwf3a",
            "defined_tags": {
              "Oracle-Tags.CreatedBy": "oracleidentitycloudservice/shadab.mohammad@oracle.com",
              "Oracle-Tags.CreatedOn": "2021-07-23T04:18:52.708Z"
            },
            "etag": "49b30985-1605-48e3-ad05-449d82436ff2",
            "freeform_tags": {},
            "id": "n/idmldytingzx/b/RawData_Piper",
            "is_read_only": false,
            "kms_key_id": null,
            "metadata": {},
            "name": "RawData_Piper",
            "namespace": "idmldytingzx",
            "object_events_enabled": false,
            "object_lifecycle_policy_etag": null,
            "replication_enabled": false,
            "retention_rules": [],
            "storage_tier": "Standard",
            "time_created": "2021-07-23 04:18:52.721 +0000 UTC",
            "timeouts": null,
            "versioning": "Disabled"
          },
          "sensitive_attributes": [],
          "private": "eyJlMmJmYjczMC1lY2FhLTExZTYtOGY4OC0zNDM2M2JjN2M0YzAiOnsiY3JlYXRlIjoxMjAwMDAwMDAwMDAwLCJkZWxldGUiOjEyMDAwMDAwMDAwMDAsInVwZGF0ZSI6MTIwMDAwMDAwMDAwMH19",
          "dependencies": [
            "data.oci_objectstorage_namespace.export_namespace"
          ]
        }
      ]
    },
    {
      "mode": "managed",
      "type": "oci_objectstorage_bucket",
      "name": "export_dataflow-logs",
      "provider": "provider[\"registry.terraform.io/hashicorp/oci\"]",
      "instances": [
        {
          "schema_version": 0,
          "attributes": {
            "access_type": "NoPublicAccess",
            "approximate_count": "1",
            "approximate_size": "44",
            "auto_tiering": "Disabled",
            "bucket_id": "ocid1.bucket.oc1.iad.aaaaaaaa3r2y3c6ubdue36mehhygzq6bmdmyom35txxplwfpfsmapywe7ycq",
            "compartment_id": "ocid1.compartment.oc1..aaaaaaaaxbfvndp2kg4zq64k4di7iyhstb2hg7yiwjrksexljoz4p5pti7sq",
            "created_by": "ocid1.user.oc1..aaaaaaaavllybhr5mir7r4az2en4aieoftwg6yhu4oa4chbyy753jyodwf3a",
            "defined_tags": {
              "Oracle-Tags.CreatedBy": "oracleidentitycloudservice/shadab.mohammad@oracle.com",
              "Oracle-Tags.CreatedOn": "2021-07-23T04:18:52.245Z"
            },
            "etag": "e8c3ddcc-f7d4-4cb6-bfce-1282c2fe958d",
            "freeform_tags": {},
            "id": "n/idmldytingzx/b/dataflow-logs",
            "is_read_only": false,
            "kms_key_id": null,
            "metadata": {},
            "name": "dataflow-logs",
            "namespace": "idmldytingzx",
            "object_events_enabled": false,
            "object_lifecycle_policy_etag": null,
            "replication_enabled": false,
            "retention_rules": [],
            "storage_tier": "Standard",
            "time_created": "2021-07-23 04:18:52.256 +0000 UTC",
            "timeouts": null,
            "versioning": "Disabled"
          },
          "sensitive_attributes": [],
          "private": "eyJlMmJmYjczMC1lY2FhLTExZTYtOGY4OC0zNDM2M2JjN2M0YzAiOnsiY3JlYXRlIjoxMjAwMDAwMDAwMDAwLCJkZWxldGUiOjEyMDAwMDAwMDAwMDAsInVwZGF0ZSI6MTIwMDAwMDAwMDAwMH19",
          "dependencies": [
            "data.oci_objectstorage_namespace.export_namespace"
          ]
        }
      ]
    },
    {
      "mode": "managed",
      "type": "oci_objectstorage_bucket",
      "name": "export_dataflow-warehouse",
      "provider": "provider[\"registry.terraform.io/hashicorp/oci\"]",
      "instances": [
        {
          "schema_version": 0,
          "attributes": {
            "access_type": "NoPublicAccess",
            "approximate_count": "0",
            "approximate_size": "0",
            "auto_tiering": "Disabled",
            "bucket_id": "ocid1.bucket.oc1.iad.aaaaaaaaujwn7zbnsdhdfmzslbzjobmg6sxsi4exay3bj36uplkq3orzlu3a",
            "compartment_id": "ocid1.compartment.oc1..aaaaaaaaxbfvndp2kg4zq64k4di7iyhstb2hg7yiwjrksexljoz4p5pti7sq",
            "created_by": "ocid1.user.oc1..aaaaaaaavllybhr5mir7r4az2en4aieoftwg6yhu4oa4chbyy753jyodwf3a",
            "defined_tags": {
              "Oracle-Tags.CreatedBy": "oracleidentitycloudservice/shadab.mohammad@oracle.com",
              "Oracle-Tags.CreatedOn": "2021-07-23T04:18:52.002Z"
            },
            "etag": "49761d9a-b7e5-4e82-af13-ee1808434409",
            "freeform_tags": {},
            "id": "n/idmldytingzx/b/dataflow-warehouse",
            "is_read_only": false,
            "kms_key_id": null,
            "metadata": {},
            "name": "dataflow-warehouse",
            "namespace": "idmldytingzx",
            "object_events_enabled": false,
            "object_lifecycle_policy_etag": null,
            "replication_enabled": false,
            "retention_rules": [],
            "storage_tier": "Standard",
            "time_created": "2021-07-23 04:18:52.021 +0000 UTC",
            "timeouts": null,
            "versioning": "Disabled"
          },
          "sensitive_attributes": [],
          "private": "eyJlMmJmYjczMC1lY2FhLTExZTYtOGY4OC0zNDM2M2JjN2M0YzAiOnsiY3JlYXRlIjoxMjAwMDAwMDAwMDAwLCJkZWxldGUiOjEyMDAwMDAwMDAwMDAsInVwZGF0ZSI6MTIwMDAwMDAwMDAwMH19",
          "dependencies": [
            "data.oci_objectstorage_namespace.export_namespace"
          ]
        }
      ]
    },
    {
      "mode": "managed",
      "type": "oci_objectstorage_object",
      "name": "testpython",
      "provider": "provider[\"registry.terraform.io/hashicorp/oci\"]",
      "instances": [
        {
          "schema_version": 0,
          "attributes": {
            "bucket": "dataflow-logs",
            "cache_control": null,
            "content": "eae6c63d17e647380be7ee4e25d96f7e",
            "content_disposition": "attachment; filename=\"testfile.py\"",
            "content_encoding": null,
            "content_language": "en-US",
            "content_length": "44",
            "content_md5": "6ubGPRfmRzgL5+5OJdlvfg==",
            "content_type": "text/ascii",
            "delete_all_object_versions": false,
            "id": "n/idmldytingzx/b/dataflow-logs/o/testfile.py",
            "metadata": {},
            "namespace": "idmldytingzx",
            "object": "testfile.py",
            "source": null,
            "source_uri_details": [],
            "state": "COMPLETED",
            "storage_tier": "InfrequentAccess",
            "timeouts": null,
            "version_id": "93cf6610-94d6-42df-acb8-890c31f8f4da",
            "work_request_id": ""
          },
          "sensitive_attributes": [],
          "private": "eyJlMmJmYjczMC1lY2FhLTExZTYtOGY4OC0zNDM2M2JjN2M0YzAiOnsiY3JlYXRlIjoxMjAwMDAwMDAwMDAwLCJkZWxldGUiOjEyMDAwMDAwMDAwMDAsInVwZGF0ZSI6MTIwMDAwMDAwMDAwMH19",
          "dependencies": [
            "oci_objectstorage_bucket.export_dataflow-logs",
            "data.oci_objectstorage_namespace.export_namespace"
          ]
        }
      ]
    },
    {
      "mode": "managed",
      "type": "oci_streaming_stream",
      "name": "Datalake_Stream",
      "provider": "provider[\"registry.terraform.io/hashicorp/oci\"]",
      "instances": [
        {
          "schema_version": 0,
          "attributes": {
            "compartment_id": "ocid1.compartment.oc1..aaaaaaaaxbfvndp2kg4zq64k4di7iyhstb2hg7yiwjrksexljoz4p5pti7sq",
            "defined_tags": {
              "Oracle-Tags.CreatedBy": "oracleidentitycloudservice/shadab.mohammad@oracle.com",
              "Oracle-Tags.CreatedOn": "2021-07-23T04:18:52.656Z"
            },
            "freeform_tags": {},
            "id": "ocid1.stream.oc1.iad.amaaaaaaqcins5ya35hbjha3tcej3pblrlfcwho7sfjzjarr3gyrs5assxpa",
            "lifecycle_state_details": null,
            "messages_endpoint": "https://cell-1.streaming.us-ashburn-1.oci.oraclecloud.com",
            "name": "Datalake_Streams",
            "partitions": 2,
            "retention_in_hours": 24,
            "state": "ACTIVE",
            "stream_pool_id": "ocid1.streampool.oc1.iad.amaaaaaaqcins5yakjiv5bfvnfnusggtjn2bj44x5pfnvmkjkzvwatevfvoa",
            "time_created": "2021-07-23 04:18:52.891 +0000 UTC",
            "timeouts": null
          },
          "sensitive_attributes": [],
          "private": "eyJlMmJmYjczMC1lY2FhLTExZTYtOGY4OC0zNDM2M2JjN2M0YzAiOnsiY3JlYXRlIjoxMjAwMDAwMDAwMDAwLCJkZWxldGUiOjEyMDAwMDAwMDAwMDAsInVwZGF0ZSI6MTIwMDAwMDAwMDAwMH19"
        }
      ]
    },
    {
      "mode": "managed",
      "type": "random_string",
      "name": "autonomous_data_warehouse_admin_password",
      "provider": "provider[\"registry.terraform.io/hashicorp/random\"]",
      "instances": [
        {
          "schema_version": 1,
          "attributes": {
            "id": "3f\u0026N4VbY\u003esoB53=X",
            "keepers": null,
            "length": 16,
            "lower": true,
            "min_lower": 1,
            "min_numeric": 1,
            "min_special": 1,
            "min_upper": 1,
            "number": true,
            "override_special": null,
            "result": "3f\u0026N4VbY\u003esoB53=X",
            "special": true,
            "upper": true
          },
          "sensitive_attributes": [],
          "private": "eyJzY2hlbWFfdmVyc2lvbiI6IjEifQ=="
        }
      ]
    }
  ]
}
